// !$*UTF8*$!
{
	archiveVersion = 1;
	classes = {
	};
	objectVersion = 55;
	objects = {

/* Begin PBXBuildFile section */
		DD844A0A2A3A948600CB44F9 /* HealthKit.framework in Frameworks */ = {isa = PBXBuildFile; fileRef = DD844A092A3A948600CB44F9 /* HealthKit.framework */; };
		DD844A122A49E38500CB44F9 /* Interface.storyboard in Resources */ = {isa = PBXBuildFile; fileRef = DD844A102A49E38500CB44F9 /* Interface.storyboard */; };
		DD844A142A49E38D00CB44F9 /* Assets.xcassets in Resources */ = {isa = PBXBuildFile; fileRef = DD844A132A49E38D00CB44F9 /* Assets.xcassets */; };
		DD844A1A2A49E38E00CB44F9 /* STORC-Watch-App WatchKit Extension.appex in Embed App Extensions */ = {isa = PBXBuildFile; fileRef = DD844A192A49E38E00CB44F9 /* STORC-Watch-App WatchKit Extension.appex */; settings = {ATTRIBUTES = (RemoveHeadersOnCopy, ); }; };
		DD844A1F2A49E38E00CB44F9 /* InterfaceController.swift in Sources */ = {isa = PBXBuildFile; fileRef = DD844A1E2A49E38E00CB44F9 /* InterfaceController.swift */; };
		DD844A212A49E38E00CB44F9 /* ExtensionDelegate.swift in Sources */ = {isa = PBXBuildFile; fileRef = DD844A202A49E38E00CB44F9 /* ExtensionDelegate.swift */; };
		DD844A232A49E38E00CB44F9 /* NotificationController.swift in Sources */ = {isa = PBXBuildFile; fileRef = DD844A222A49E38E00CB44F9 /* NotificationController.swift */; };
		DD844A252A49E38E00CB44F9 /* ComplicationController.swift in Sources */ = {isa = PBXBuildFile; fileRef = DD844A242A49E38E00CB44F9 /* ComplicationController.swift */; };
		DD844A272A49E39000CB44F9 /* Assets.xcassets in Resources */ = {isa = PBXBuildFile; fileRef = DD844A262A49E39000CB44F9 /* Assets.xcassets */; };
		DD844A2C2A49E39000CB44F9 /* STORC-Watch-App.app in Embed Watch Content */ = {isa = PBXBuildFile; fileRef = DD844A0E2A49E38500CB44F9 /* STORC-Watch-App.app */; settings = {ATTRIBUTES = (RemoveHeadersOnCopy, ); }; };
		DD844A372A4CFA6800CB44F9 /* HealthKit.framework in Frameworks */ = {isa = PBXBuildFile; fileRef = DD844A362A4CFA6800CB44F9 /* HealthKit.framework */; };
		DD96B9B62A3387A90093BE16 /* AppDelegate.swift in Sources */ = {isa = PBXBuildFile; fileRef = DD96B9B52A3387A90093BE16 /* AppDelegate.swift */; };
		DD96B9B82A3387A90093BE16 /* SceneDelegate.swift in Sources */ = {isa = PBXBuildFile; fileRef = DD96B9B72A3387A90093BE16 /* SceneDelegate.swift */; };
		DD96B9BA2A3387A90093BE16 /* ViewController.swift in Sources */ = {isa = PBXBuildFile; fileRef = DD96B9B92A3387A90093BE16 /* ViewController.swift */; };
		DD96B9BD2A3387A90093BE16 /* Main.storyboard in Resources */ = {isa = PBXBuildFile; fileRef = DD96B9BB2A3387A90093BE16 /* Main.storyboard */; };
		DD96B9C02A3387A90093BE16 /* STORC_Mobile_App.xcdatamodeld in Sources */ = {isa = PBXBuildFile; fileRef = DD96B9BE2A3387A90093BE16 /* STORC_Mobile_App.xcdatamodeld */; };
		DD96B9C22A3387B10093BE16 /* Assets.xcassets in Resources */ = {isa = PBXBuildFile; fileRef = DD96B9C12A3387B10093BE16 /* Assets.xcassets */; };
		DD96B9C52A3387B10093BE16 /* LaunchScreen.storyboard in Resources */ = {isa = PBXBuildFile; fileRef = DD96B9C32A3387B10093BE16 /* LaunchScreen.storyboard */; };
/* End PBXBuildFile section */

/* Begin PBXContainerItemProxy section */
		DD844A1B2A49E38E00CB44F9 /* PBXContainerItemProxy */ = {
			isa = PBXContainerItemProxy;
			containerPortal = DD96B9AA2A3387A90093BE16 /* Project object */;
			proxyType = 1;
			remoteGlobalIDString = DD844A182A49E38E00CB44F9;
			remoteInfo = "STORC-Watch-App WatchKit Extension";
		};
		DD844A2A2A49E39000CB44F9 /* PBXContainerItemProxy */ = {
			isa = PBXContainerItemProxy;
			containerPortal = DD96B9AA2A3387A90093BE16 /* Project object */;
			proxyType = 1;
			remoteGlobalIDString = DD844A0D2A49E38400CB44F9;
			remoteInfo = "STORC-Watch-App";
		};
/* End PBXContainerItemProxy section */

/* Begin PBXCopyFilesBuildPhase section */
		DD844A2D2A49E39000CB44F9 /* Embed Watch Content */ = {
			isa = PBXCopyFilesBuildPhase;
			buildActionMask = 2147483647;
			dstPath = "$(CONTENTS_FOLDER_PATH)/Watch";
			dstSubfolderSpec = 16;
			files = (
				DD844A2C2A49E39000CB44F9 /* STORC-Watch-App.app in Embed Watch Content */,
			);
			name = "Embed Watch Content";
			runOnlyForDeploymentPostprocessing = 0;
		};
		DD844A302A49E39000CB44F9 /* Embed App Extensions */ = {
			isa = PBXCopyFilesBuildPhase;
			buildActionMask = 2147483647;
			dstPath = "";
			dstSubfolderSpec = 13;
			files = (
				DD844A1A2A49E38E00CB44F9 /* STORC-Watch-App WatchKit Extension.appex in Embed App Extensions */,
			);
			name = "Embed App Extensions";
			runOnlyForDeploymentPostprocessing = 0;
		};
/* End PBXCopyFilesBuildPhase section */

/* Begin PBXFileReference section */
		DD844A072A3A948600CB44F9 /* STORC-Mobile-App.entitlements */ = {isa = PBXFileReference; lastKnownFileType = text.plist.entitlements; path = "STORC-Mobile-App.entitlements"; sourceTree = "<group>"; };
		DD844A092A3A948600CB44F9 /* HealthKit.framework */ = {isa = PBXFileReference; lastKnownFileType = wrapper.framework; name = HealthKit.framework; path = System/Library/Frameworks/HealthKit.framework; sourceTree = SDKROOT; };
		DD844A0E2A49E38500CB44F9 /* STORC-Watch-App.app */ = {isa = PBXFileReference; explicitFileType = wrapper.application; includeInIndex = 0; path = "STORC-Watch-App.app"; sourceTree = BUILT_PRODUCTS_DIR; };
		DD844A112A49E38500CB44F9 /* Base */ = {isa = PBXFileReference; lastKnownFileType = file.storyboard; name = Base; path = Base.lproj/Interface.storyboard; sourceTree = "<group>"; };
		DD844A132A49E38D00CB44F9 /* Assets.xcassets */ = {isa = PBXFileReference; lastKnownFileType = folder.assetcatalog; path = Assets.xcassets; sourceTree = "<group>"; };
		DD844A192A49E38E00CB44F9 /* STORC-Watch-App WatchKit Extension.appex */ = {isa = PBXFileReference; explicitFileType = "wrapper.app-extension"; includeInIndex = 0; path = "STORC-Watch-App WatchKit Extension.appex"; sourceTree = BUILT_PRODUCTS_DIR; };
		DD844A1E2A49E38E00CB44F9 /* InterfaceController.swift */ = {isa = PBXFileReference; lastKnownFileType = sourcecode.swift; path = InterfaceController.swift; sourceTree = "<group>"; };
		DD844A202A49E38E00CB44F9 /* ExtensionDelegate.swift */ = {isa = PBXFileReference; lastKnownFileType = sourcecode.swift; path = ExtensionDelegate.swift; sourceTree = "<group>"; };
		DD844A222A49E38E00CB44F9 /* NotificationController.swift */ = {isa = PBXFileReference; lastKnownFileType = sourcecode.swift; path = NotificationController.swift; sourceTree = "<group>"; };
		DD844A242A49E38E00CB44F9 /* ComplicationController.swift */ = {isa = PBXFileReference; lastKnownFileType = sourcecode.swift; path = ComplicationController.swift; sourceTree = "<group>"; };
		DD844A262A49E39000CB44F9 /* Assets.xcassets */ = {isa = PBXFileReference; lastKnownFileType = folder.assetcatalog; path = Assets.xcassets; sourceTree = "<group>"; };
		DD844A282A49E39000CB44F9 /* Info.plist */ = {isa = PBXFileReference; lastKnownFileType = text.plist.xml; path = Info.plist; sourceTree = "<group>"; };
		DD844A292A49E39000CB44F9 /* PushNotificationPayload.apns */ = {isa = PBXFileReference; lastKnownFileType = text; path = PushNotificationPayload.apns; sourceTree = "<group>"; };
		DD844A352A4CFA6800CB44F9 /* STORC-Watch-App WatchKit Extension.entitlements */ = {isa = PBXFileReference; lastKnownFileType = text.plist.entitlements; path = "STORC-Watch-App WatchKit Extension.entitlements"; sourceTree = "<group>"; };
		DD844A362A4CFA6800CB44F9 /* HealthKit.framework */ = {isa = PBXFileReference; lastKnownFileType = wrapper.framework; name = HealthKit.framework; path = Platforms/WatchOS.platform/Developer/SDKs/WatchOS8.5.sdk/System/Library/Frameworks/HealthKit.framework; sourceTree = DEVELOPER_DIR; };
		DD96B9B22A3387A90093BE16 /* STORC-Mobile-App.app */ = {isa = PBXFileReference; explicitFileType = wrapper.application; includeInIndex = 0; path = "STORC-Mobile-App.app"; sourceTree = BUILT_PRODUCTS_DIR; };
		DD96B9B52A3387A90093BE16 /* AppDelegate.swift */ = {isa = PBXFileReference; lastKnownFileType = sourcecode.swift; path = AppDelegate.swift; sourceTree = "<group>"; };
		DD96B9B72A3387A90093BE16 /* SceneDelegate.swift */ = {isa = PBXFileReference; lastKnownFileType = sourcecode.swift; path = SceneDelegate.swift; sourceTree = "<group>"; };
		DD96B9B92A3387A90093BE16 /* ViewController.swift */ = {isa = PBXFileReference; lastKnownFileType = sourcecode.swift; path = ViewController.swift; sourceTree = "<group>"; };
		DD96B9BC2A3387A90093BE16 /* Base */ = {isa = PBXFileReference; lastKnownFileType = file.storyboard; name = Base; path = Base.lproj/Main.storyboard; sourceTree = "<group>"; };
		DD96B9BF2A3387A90093BE16 /* STORC_Mobile_App.xcdatamodel */ = {isa = PBXFileReference; lastKnownFileType = wrapper.xcdatamodel; path = STORC_Mobile_App.xcdatamodel; sourceTree = "<group>"; };
		DD96B9C12A3387B10093BE16 /* Assets.xcassets */ = {isa = PBXFileReference; lastKnownFileType = folder.assetcatalog; path = Assets.xcassets; sourceTree = "<group>"; };
		DD96B9C42A3387B10093BE16 /* Base */ = {isa = PBXFileReference; lastKnownFileType = file.storyboard; name = Base; path = Base.lproj/LaunchScreen.storyboard; sourceTree = "<group>"; };
		DD96B9C62A3387B10093BE16 /* Info.plist */ = {isa = PBXFileReference; lastKnownFileType = text.plist.xml; path = Info.plist; sourceTree = "<group>"; };
/* End PBXFileReference section */

/* Begin PBXFrameworksBuildPhase section */
		DD844A162A49E38E00CB44F9 /* Frameworks */ = {
			isa = PBXFrameworksBuildPhase;
			buildActionMask = 2147483647;
			files = (
				DD844A372A4CFA6800CB44F9 /* HealthKit.framework in Frameworks */,
			);
			runOnlyForDeploymentPostprocessing = 0;
		};
		DD96B9AF2A3387A90093BE16 /* Frameworks */ = {
			isa = PBXFrameworksBuildPhase;
			buildActionMask = 2147483647;
			files = (
				DD844A0A2A3A948600CB44F9 /* HealthKit.framework in Frameworks */,
			);
			runOnlyForDeploymentPostprocessing = 0;
		};
/* End PBXFrameworksBuildPhase section */

/* Begin PBXGroup section */
		DD844A082A3A948600CB44F9 /* Frameworks */ = {
			isa = PBXGroup;
			children = (
				DD844A362A4CFA6800CB44F9 /* HealthKit.framework */,
				DD844A092A3A948600CB44F9 /* HealthKit.framework */,
			);
			name = Frameworks;
			sourceTree = "<group>";
		};
		DD844A0F2A49E38500CB44F9 /* STORC-Watch-App */ = {
			isa = PBXGroup;
			children = (
				DD844A102A49E38500CB44F9 /* Interface.storyboard */,
				DD844A132A49E38D00CB44F9 /* Assets.xcassets */,
			);
			path = "STORC-Watch-App";
			sourceTree = "<group>";
		};
		DD844A1D2A49E38E00CB44F9 /* STORC-Watch-App WatchKit Extension */ = {
			isa = PBXGroup;
			children = (
				DD844A352A4CFA6800CB44F9 /* STORC-Watch-App WatchKit Extension.entitlements */,
				DD844A1E2A49E38E00CB44F9 /* InterfaceController.swift */,
				DD844A202A49E38E00CB44F9 /* ExtensionDelegate.swift */,
				DD844A222A49E38E00CB44F9 /* NotificationController.swift */,
				DD844A242A49E38E00CB44F9 /* ComplicationController.swift */,
				DD844A262A49E39000CB44F9 /* Assets.xcassets */,
				DD844A282A49E39000CB44F9 /* Info.plist */,
				DD844A292A49E39000CB44F9 /* PushNotificationPayload.apns */,
			);
			path = "STORC-Watch-App WatchKit Extension";
			sourceTree = "<group>";
		};
		DD96B9A92A3387A90093BE16 = {
			isa = PBXGroup;
			children = (
				DD96B9B42A3387A90093BE16 /* STORC-Mobile-App */,
				DD844A0F2A49E38500CB44F9 /* STORC-Watch-App */,
				DD844A1D2A49E38E00CB44F9 /* STORC-Watch-App WatchKit Extension */,
				DD96B9B32A3387A90093BE16 /* Products */,
				DD844A082A3A948600CB44F9 /* Frameworks */,
			);
			sourceTree = "<group>";
		};
		DD96B9B32A3387A90093BE16 /* Products */ = {
			isa = PBXGroup;
			children = (
				DD96B9B22A3387A90093BE16 /* STORC-Mobile-App.app */,
				DD844A0E2A49E38500CB44F9 /* STORC-Watch-App.app */,
				DD844A192A49E38E00CB44F9 /* STORC-Watch-App WatchKit Extension.appex */,
			);
			name = Products;
			sourceTree = "<group>";
		};
		DD96B9B42A3387A90093BE16 /* STORC-Mobile-App */ = {
			isa = PBXGroup;
			children = (
				DD844A072A3A948600CB44F9 /* STORC-Mobile-App.entitlements */,
				DD96B9B52A3387A90093BE16 /* AppDelegate.swift */,
				DD96B9B72A3387A90093BE16 /* SceneDelegate.swift */,
				DD96B9B92A3387A90093BE16 /* ViewController.swift */,
				DD96B9BB2A3387A90093BE16 /* Main.storyboard */,
				DD96B9C12A3387B10093BE16 /* Assets.xcassets */,
				DD96B9C32A3387B10093BE16 /* LaunchScreen.storyboard */,
				DD96B9C62A3387B10093BE16 /* Info.plist */,
				DD96B9BE2A3387A90093BE16 /* STORC_Mobile_App.xcdatamodeld */,
			);
			path = "STORC-Mobile-App";
			sourceTree = "<group>";
		};
/* End PBXGroup section */

/* Begin PBXNativeTarget section */
		DD844A0D2A49E38400CB44F9 /* STORC-Watch-App */ = {
			isa = PBXNativeTarget;
			buildConfigurationList = DD844A342A49E39000CB44F9 /* Build configuration list for PBXNativeTarget "STORC-Watch-App" */;
			buildPhases = (
				DD844A0C2A49E38400CB44F9 /* Resources */,
				DD844A302A49E39000CB44F9 /* Embed App Extensions */,
			);
			buildRules = (
			);
			dependencies = (
				DD844A1C2A49E38E00CB44F9 /* PBXTargetDependency */,
			);
			name = "STORC-Watch-App";
			productName = "STORC-Watch-App";
			productReference = DD844A0E2A49E38500CB44F9 /* STORC-Watch-App.app */;
			productType = "com.apple.product-type.application.watchapp2";
		};
		DD844A182A49E38E00CB44F9 /* STORC-Watch-App WatchKit Extension */ = {
			isa = PBXNativeTarget;
			buildConfigurationList = DD844A332A49E39000CB44F9 /* Build configuration list for PBXNativeTarget "STORC-Watch-App WatchKit Extension" */;
			buildPhases = (
				DD844A152A49E38E00CB44F9 /* Sources */,
				DD844A162A49E38E00CB44F9 /* Frameworks */,
				DD844A172A49E38E00CB44F9 /* Resources */,
			);
			buildRules = (
			);
			dependencies = (
			);
			name = "STORC-Watch-App WatchKit Extension";
			productName = "STORC-Watch-App WatchKit Extension";
			productReference = DD844A192A49E38E00CB44F9 /* STORC-Watch-App WatchKit Extension.appex */;
			productType = "com.apple.product-type.watchkit2-extension";
		};
		DD96B9B12A3387A90093BE16 /* STORC-Mobile-App */ = {
			isa = PBXNativeTarget;
			buildConfigurationList = DD96B9C92A3387B10093BE16 /* Build configuration list for PBXNativeTarget "STORC-Mobile-App" */;
			buildPhases = (
				DD96B9AE2A3387A90093BE16 /* Sources */,
				DD96B9AF2A3387A90093BE16 /* Frameworks */,
				DD96B9B02A3387A90093BE16 /* Resources */,
				DD844A2D2A49E39000CB44F9 /* Embed Watch Content */,
			);
			buildRules = (
			);
			dependencies = (
				DD844A2B2A49E39000CB44F9 /* PBXTargetDependency */,
			);
			name = "STORC-Mobile-App";
			productName = "STORC-Mobile-App";
			productReference = DD96B9B22A3387A90093BE16 /* STORC-Mobile-App.app */;
			productType = "com.apple.product-type.application";
		};
/* End PBXNativeTarget section */

/* Begin PBXProject section */
		DD96B9AA2A3387A90093BE16 /* Project object */ = {
			isa = PBXProject;
			attributes = {
				BuildIndependentTargetsInParallel = 1;
				LastSwiftUpdateCheck = 1340;
				LastUpgradeCheck = 1340;
				TargetAttributes = {
					DD844A0D2A49E38400CB44F9 = {
						CreatedOnToolsVersion = 13.4.1;
					};
					DD844A182A49E38E00CB44F9 = {
						CreatedOnToolsVersion = 13.4.1;
					};
					DD96B9B12A3387A90093BE16 = {
						CreatedOnToolsVersion = 13.4.1;
					};
				};
			};
			buildConfigurationList = DD96B9AD2A3387A90093BE16 /* Build configuration list for PBXProject "STORC-Mobile-App" */;
			compatibilityVersion = "Xcode 13.0";
			developmentRegion = en;
			hasScannedForEncodings = 0;
			knownRegions = (
				en,
				Base,
			);
			mainGroup = DD96B9A92A3387A90093BE16;
			productRefGroup = DD96B9B32A3387A90093BE16 /* Products */;
			projectDirPath = "";
			projectRoot = "";
			targets = (
				DD96B9B12A3387A90093BE16 /* STORC-Mobile-App */,
				DD844A0D2A49E38400CB44F9 /* STORC-Watch-App */,
				DD844A182A49E38E00CB44F9 /* STORC-Watch-App WatchKit Extension */,
			);
		};
/* End PBXProject section */

/* Begin PBXResourcesBuildPhase section */
		DD844A0C2A49E38400CB44F9 /* Resources */ = {
			isa = PBXResourcesBuildPhase;
			buildActionMask = 2147483647;
			files = (
				DD844A142A49E38D00CB44F9 /* Assets.xcassets in Resources */,
				DD844A122A49E38500CB44F9 /* Interface.storyboard in Resources */,
			);
			runOnlyForDeploymentPostprocessing = 0;
		};
		DD844A172A49E38E00CB44F9 /* Resources */ = {
			isa = PBXResourcesBuildPhase;
			buildActionMask = 2147483647;
			files = (
				DD844A272A49E39000CB44F9 /* Assets.xcassets in Resources */,
			);
			runOnlyForDeploymentPostprocessing = 0;
		};
		DD96B9B02A3387A90093BE16 /* Resources */ = {
			isa = PBXResourcesBuildPhase;
			buildActionMask = 2147483647;
			files = (
				DD96B9C52A3387B10093BE16 /* LaunchScreen.storyboard in Resources */,
				DD96B9C22A3387B10093BE16 /* Assets.xcassets in Resources */,
				DD96B9BD2A3387A90093BE16 /* Main.storyboard in Resources */,
			);
			runOnlyForDeploymentPostprocessing = 0;
		};
/* End PBXResourcesBuildPhase section */

/* Begin PBXSourcesBuildPhase section */
		DD844A152A49E38E00CB44F9 /* Sources */ = {
			isa = PBXSourcesBuildPhase;
			buildActionMask = 2147483647;
			files = (
				DD844A232A49E38E00CB44F9 /* NotificationController.swift in Sources */,
				DD844A252A49E38E00CB44F9 /* ComplicationController.swift in Sources */,
				DD844A212A49E38E00CB44F9 /* ExtensionDelegate.swift in Sources */,
				DD844A1F2A49E38E00CB44F9 /* InterfaceController.swift in Sources */,
			);
			runOnlyForDeploymentPostprocessing = 0;
		};
		DD96B9AE2A3387A90093BE16 /* Sources */ = {
			isa = PBXSourcesBuildPhase;
			buildActionMask = 2147483647;
			files = (
				DD96B9BA2A3387A90093BE16 /* ViewController.swift in Sources */,
				DD96B9B62A3387A90093BE16 /* AppDelegate.swift in Sources */,
				DD96B9B82A3387A90093BE16 /* SceneDelegate.swift in Sources */,
				DD96B9C02A3387A90093BE16 /* STORC_Mobile_App.xcdatamodeld in Sources */,
			);
			runOnlyForDeploymentPostprocessing = 0;
		};
/* End PBXSourcesBuildPhase section */

/* Begin PBXTargetDependency section */
		DD844A1C2A49E38E00CB44F9 /* PBXTargetDependency */ = {
			isa = PBXTargetDependency;
			target = DD844A182A49E38E00CB44F9 /* STORC-Watch-App WatchKit Extension */;
			targetProxy = DD844A1B2A49E38E00CB44F9 /* PBXContainerItemProxy */;
		};
		DD844A2B2A49E39000CB44F9 /* PBXTargetDependency */ = {
			isa = PBXTargetDependency;
			target = DD844A0D2A49E38400CB44F9 /* STORC-Watch-App */;
			targetProxy = DD844A2A2A49E39000CB44F9 /* PBXContainerItemProxy */;
		};
/* End PBXTargetDependency section */

/* Begin PBXVariantGroup section */
		DD844A102A49E38500CB44F9 /* Interface.storyboard */ = {
			isa = PBXVariantGroup;
			children = (
				DD844A112A49E38500CB44F9 /* Base */,
			);
			name = Interface.storyboard;
			sourceTree = "<group>";
		};
		DD96B9BB2A3387A90093BE16 /* Main.storyboard */ = {
			isa = PBXVariantGroup;
			children = (
				DD96B9BC2A3387A90093BE16 /* Base */,
			);
			name = Main.storyboard;
			sourceTree = "<group>";
		};
		DD96B9C32A3387B10093BE16 /* LaunchScreen.storyboard */ = {
			isa = PBXVariantGroup;
			children = (
				DD96B9C42A3387B10093BE16 /* Base */,
			);
			name = LaunchScreen.storyboard;
			sourceTree = "<group>";
		};
/* End PBXVariantGroup section */

/* Begin XCBuildConfiguration section */
		DD844A2E2A49E39000CB44F9 /* Debug */ = {
			isa = XCBuildConfiguration;
			buildSettings = {
				ALWAYS_EMBED_SWIFT_STANDARD_LIBRARIES = YES;
				ASSETCATALOG_COMPILER_APPICON_NAME = AppIcon;
				ASSETCATALOG_COMPILER_GLOBAL_ACCENT_COLOR_NAME = AccentColor;
				CODE_SIGN_STYLE = Automatic;
				CURRENT_PROJECT_VERSION = 1;
				DEVELOPMENT_TEAM = 7WTU38A2P3;
				GENERATE_INFOPLIST_FILE = YES;
				IBSC_MODULE = STORC_Watch_App_WatchKit_Extension;
				INFOPLIST_KEY_CFBundleDisplayName = "STORC-Watch-App";
				INFOPLIST_KEY_UISupportedInterfaceOrientations = "UIInterfaceOrientationPortrait UIInterfaceOrientationPortraitUpsideDown";
				INFOPLIST_KEY_WKCompanionAppBundleIdentifier = "ex.STORC-Mobile-App";
				MARKETING_VERSION = 1.0;
				PRODUCT_BUNDLE_IDENTIFIER = "ex.STORC-Mobile-App.watchkitapp";
				PRODUCT_NAME = "$(TARGET_NAME)";
				SDKROOT = watchos;
				SKIP_INSTALL = YES;
				SWIFT_EMIT_LOC_STRINGS = YES;
				SWIFT_VERSION = 5.0;
				TARGETED_DEVICE_FAMILY = 4;
				WATCHOS_DEPLOYMENT_TARGET = 8.5;
			};
			name = Debug;
		};
		DD844A2F2A49E39000CB44F9 /* Release */ = {
			isa = XCBuildConfiguration;
			buildSettings = {
				ALWAYS_EMBED_SWIFT_STANDARD_LIBRARIES = YES;
				ASSETCATALOG_COMPILER_APPICON_NAME = AppIcon;
				ASSETCATALOG_COMPILER_GLOBAL_ACCENT_COLOR_NAME = AccentColor;
				CODE_SIGN_STYLE = Automatic;
				CURRENT_PROJECT_VERSION = 1;
				DEVELOPMENT_TEAM = 7WTU38A2P3;
				GENERATE_INFOPLIST_FILE = YES;
				IBSC_MODULE = STORC_Watch_App_WatchKit_Extension;
				INFOPLIST_KEY_CFBundleDisplayName = "STORC-Watch-App";
				INFOPLIST_KEY_UISupportedInterfaceOrientations = "UIInterfaceOrientationPortrait UIInterfaceOrientationPortraitUpsideDown";
				INFOPLIST_KEY_WKCompanionAppBundleIdentifier = "ex.STORC-Mobile-App";
				MARKETING_VERSION = 1.0;
				PRODUCT_BUNDLE_IDENTIFIER = "ex.STORC-Mobile-App.watchkitapp";
				PRODUCT_NAME = "$(TARGET_NAME)";
				SDKROOT = watchos;
				SKIP_INSTALL = YES;
				SWIFT_EMIT_LOC_STRINGS = YES;
				SWIFT_VERSION = 5.0;
				TARGETED_DEVICE_FAMILY = 4;
				WATCHOS_DEPLOYMENT_TARGET = 8.5;
			};
			name = Release;
		};
		DD844A312A49E39000CB44F9 /* Debug */ = {
			isa = XCBuildConfiguration;
			buildSettings = {
				ASSETCATALOG_COMPILER_COMPLICATION_NAME = Complication;
				CODE_SIGN_ENTITLEMENTS = "STORC-Watch-App WatchKit Extension/STORC-Watch-App WatchKit Extension.entitlements";
				CODE_SIGN_STYLE = Automatic;
				CURRENT_PROJECT_VERSION = 1;
				DEVELOPMENT_TEAM = 7WTU38A2P3;
				GENERATE_INFOPLIST_FILE = YES;
				INFOPLIST_FILE = "STORC-Watch-App WatchKit Extension/Info.plist";
				INFOPLIST_KEY_CFBundleDisplayName = "STORC-Watch-App WatchKit Extension";
				INFOPLIST_KEY_CLKComplicationPrincipalClass = "$(PRODUCT_MODULE_NAME).ComplicationController";
				INFOPLIST_KEY_NSHumanReadableCopyright = "";
				INFOPLIST_KEY_WKExtensionDelegateClassName = "$(PRODUCT_MODULE_NAME).ExtensionDelegate";
				LD_RUNPATH_SEARCH_PATHS = (
					"$(inherited)",
					"@executable_path/Frameworks",
					"@executable_path/../../Frameworks",
				);
				MARKETING_VERSION = 1.0;
				PRODUCT_BUNDLE_IDENTIFIER = "ex.STORC-Mobile-App.watchkitapp.watchkitextension";
				PRODUCT_NAME = "${TARGET_NAME}";
				SDKROOT = watchos;
				SKIP_INSTALL = YES;
				SWIFT_EMIT_LOC_STRINGS = YES;
				SWIFT_VERSION = 5.0;
				TARGETED_DEVICE_FAMILY = 4;
				WATCHOS_DEPLOYMENT_TARGET = 8.5;
			};
			name = Debug;
		};
		DD844A322A49E39000CB44F9 /* Release */ = {
			isa = XCBuildConfiguration;
			buildSettings = {
				ASSETCATALOG_COMPILER_COMPLICATION_NAME = Complication;
				CODE_SIGN_ENTITLEMENTS = "STORC-Watch-App WatchKit Extension/STORC-Watch-App WatchKit Extension.entitlements";
				CODE_SIGN_STYLE = Automatic;
				CURRENT_PROJECT_VERSION = 1;
				DEVELOPMENT_TEAM = 7WTU38A2P3;
				GENERATE_INFOPLIST_FILE = YES;
				INFOPLIST_FILE = "STORC-Watch-App WatchKit Extension/Info.plist";
				INFOPLIST_KEY_CFBundleDisplayName = "STORC-Watch-App WatchKit Extension";
				INFOPLIST_KEY_CLKComplicationPrincipalClass = "$(PRODUCT_MODULE_NAME).ComplicationController";
				INFOPLIST_KEY_NSHumanReadableCopyright = "";
				INFOPLIST_KEY_WKExtensionDelegateClassName = "$(PRODUCT_MODULE_NAME).ExtensionDelegate";
				LD_RUNPATH_SEARCH_PATHS = (
					"$(inherited)",
					"@executable_path/Frameworks",
					"@executable_path/../../Frameworks",
				);
				MARKETING_VERSION = 1.0;
				PRODUCT_BUNDLE_IDENTIFIER = "ex.STORC-Mobile-App.watchkitapp.watchkitextension";
				PRODUCT_NAME = "${TARGET_NAME}";
				SDKROOT = watchos;
				SKIP_INSTALL = YES;
				SWIFT_EMIT_LOC_STRINGS = YES;
				SWIFT_VERSION = 5.0;
				TARGETED_DEVICE_FAMILY = 4;
				WATCHOS_DEPLOYMENT_TARGET = 8.5;
			};
			name = Release;
		};
		DD96B9C72A3387B10093BE16 /* Debug */ = {
			isa = XCBuildConfiguration;
			buildSettings = {
				ALWAYS_SEARCH_USER_PATHS = NO;
				CLANG_ANALYZER_NONNULL = YES;
				CLANG_ANALYZER_NUMBER_OBJECT_CONVERSION = YES_AGGRESSIVE;
				CLANG_CXX_LANGUAGE_STANDARD = "gnu++17";
				CLANG_ENABLE_MODULES = YES;
				CLANG_ENABLE_OBJC_ARC = YES;
				CLANG_ENABLE_OBJC_WEAK = YES;
				CLANG_WARN_BLOCK_CAPTURE_AUTORELEASING = YES;
				CLANG_WARN_BOOL_CONVERSION = YES;
				CLANG_WARN_COMMA = YES;
				CLANG_WARN_CONSTANT_CONVERSION = YES;
				CLANG_WARN_DEPRECATED_OBJC_IMPLEMENTATIONS = YES;
				CLANG_WARN_DIRECT_OBJC_ISA_USAGE = YES_ERROR;
				CLANG_WARN_DOCUMENTATION_COMMENTS = YES;
				CLANG_WARN_EMPTY_BODY = YES;
				CLANG_WARN_ENUM_CONVERSION = YES;
				CLANG_WARN_INFINITE_RECURSION = YES;
				CLANG_WARN_INT_CONVERSION = YES;
				CLANG_WARN_NON_LITERAL_NULL_CONVERSION = YES;
				CLANG_WARN_OBJC_IMPLICIT_RETAIN_SELF = YES;
				CLANG_WARN_OBJC_LITERAL_CONVERSION = YES;
				CLANG_WARN_OBJC_ROOT_CLASS = YES_ERROR;
				CLANG_WARN_QUOTED_INCLUDE_IN_FRAMEWORK_HEADER = YES;
				CLANG_WARN_RANGE_LOOP_ANALYSIS = YES;
				CLANG_WARN_STRICT_PROTOTYPES = YES;
				CLANG_WARN_SUSPICIOUS_MOVE = YES;
				CLANG_WARN_UNGUARDED_AVAILABILITY = YES_AGGRESSIVE;
				CLANG_WARN_UNREACHABLE_CODE = YES;
				CLANG_WARN__DUPLICATE_METHOD_MATCH = YES;
				COPY_PHASE_STRIP = NO;
				DEBUG_INFORMATION_FORMAT = dwarf;
				ENABLE_STRICT_OBJC_MSGSEND = YES;
				ENABLE_TESTABILITY = YES;
				GCC_C_LANGUAGE_STANDARD = gnu11;
				GCC_DYNAMIC_NO_PIC = NO;
				GCC_NO_COMMON_BLOCKS = YES;
				GCC_OPTIMIZATION_LEVEL = 0;
				GCC_PREPROCESSOR_DEFINITIONS = (
					"DEBUG=1",
					"$(inherited)",
				);
				GCC_WARN_64_TO_32_BIT_CONVERSION = YES;
				GCC_WARN_ABOUT_RETURN_TYPE = YES_ERROR;
				GCC_WARN_UNDECLARED_SELECTOR = YES;
				GCC_WARN_UNINITIALIZED_AUTOS = YES_AGGRESSIVE;
				GCC_WARN_UNUSED_FUNCTION = YES;
				GCC_WARN_UNUSED_VARIABLE = YES;
				IPHONEOS_DEPLOYMENT_TARGET = 15.5;
				MTL_ENABLE_DEBUG_INFO = INCLUDE_SOURCE;
				MTL_FAST_MATH = YES;
				ONLY_ACTIVE_ARCH = YES;
				SDKROOT = iphoneos;
				SWIFT_ACTIVE_COMPILATION_CONDITIONS = DEBUG;
				SWIFT_OPTIMIZATION_LEVEL = "-Onone";
			};
			name = Debug;
		};
		DD96B9C82A3387B10093BE16 /* Release */ = {
			isa = XCBuildConfiguration;
			buildSettings = {
				ALWAYS_SEARCH_USER_PATHS = NO;
				CLANG_ANALYZER_NONNULL = YES;
				CLANG_ANALYZER_NUMBER_OBJECT_CONVERSION = YES_AGGRESSIVE;
				CLANG_CXX_LANGUAGE_STANDARD = "gnu++17";
				CLANG_ENABLE_MODULES = YES;
				CLANG_ENABLE_OBJC_ARC = YES;
				CLANG_ENABLE_OBJC_WEAK = YES;
				CLANG_WARN_BLOCK_CAPTURE_AUTORELEASING = YES;
				CLANG_WARN_BOOL_CONVERSION = YES;
				CLANG_WARN_COMMA = YES;
				CLANG_WARN_CONSTANT_CONVERSION = YES;
				CLANG_WARN_DEPRECATED_OBJC_IMPLEMENTATIONS = YES;
				CLANG_WARN_DIRECT_OBJC_ISA_USAGE = YES_ERROR;
				CLANG_WARN_DOCUMENTATION_COMMENTS = YES;
				CLANG_WARN_EMPTY_BODY = YES;
				CLANG_WARN_ENUM_CONVERSION = YES;
				CLANG_WARN_INFINITE_RECURSION = YES;
				CLANG_WARN_INT_CONVERSION = YES;
				CLANG_WARN_NON_LITERAL_NULL_CONVERSION = YES;
				CLANG_WARN_OBJC_IMPLICIT_RETAIN_SELF = YES;
				CLANG_WARN_OBJC_LITERAL_CONVERSION = YES;
				CLANG_WARN_OBJC_ROOT_CLASS = YES_ERROR;
				CLANG_WARN_QUOTED_INCLUDE_IN_FRAMEWORK_HEADER = YES;
				CLANG_WARN_RANGE_LOOP_ANALYSIS = YES;
				CLANG_WARN_STRICT_PROTOTYPES = YES;
				CLANG_WARN_SUSPICIOUS_MOVE = YES;
				CLANG_WARN_UNGUARDED_AVAILABILITY = YES_AGGRESSIVE;
				CLANG_WARN_UNREACHABLE_CODE = YES;
				CLANG_WARN__DUPLICATE_METHOD_MATCH = YES;
				COPY_PHASE_STRIP = NO;
				DEBUG_INFORMATION_FORMAT = "dwarf-with-dsym";
				ENABLE_NS_ASSERTIONS = NO;
				ENABLE_STRICT_OBJC_MSGSEND = YES;
				GCC_C_LANGUAGE_STANDARD = gnu11;
				GCC_NO_COMMON_BLOCKS = YES;
				GCC_WARN_64_TO_32_BIT_CONVERSION = YES;
				GCC_WARN_ABOUT_RETURN_TYPE = YES_ERROR;
				GCC_WARN_UNDECLARED_SELECTOR = YES;
				GCC_WARN_UNINITIALIZED_AUTOS = YES_AGGRESSIVE;
				GCC_WARN_UNUSED_FUNCTION = YES;
				GCC_WARN_UNUSED_VARIABLE = YES;
				IPHONEOS_DEPLOYMENT_TARGET = 15.5;
				MTL_ENABLE_DEBUG_INFO = NO;
				MTL_FAST_MATH = YES;
				SDKROOT = iphoneos;
				SWIFT_COMPILATION_MODE = wholemodule;
				SWIFT_OPTIMIZATION_LEVEL = "-O";
				VALIDATE_PRODUCT = YES;
			};
			name = Release;
		};
		DD96B9CA2A3387B10093BE16 /* Debug */ = {
			isa = XCBuildConfiguration;
			buildSettings = {
				ASSETCATALOG_COMPILER_APPICON_NAME = AppIcon;
				ASSETCATALOG_COMPILER_GLOBAL_ACCENT_COLOR_NAME = AccentColor;
				CODE_SIGN_ENTITLEMENTS = "STORC-Mobile-App/STORC-Mobile-App.entitlements";
				CODE_SIGN_STYLE = Automatic;
				CURRENT_PROJECT_VERSION = 1;
				DEVELOPMENT_TEAM = 7WTU38A2P3;
				GENERATE_INFOPLIST_FILE = YES;
				INFOPLIST_FILE = "STORC-Mobile-App/Info.plist";
				INFOPLIST_KEY_UIApplicationSupportsIndirectInputEvents = YES;
				INFOPLIST_KEY_UILaunchStoryboardName = LaunchScreen;
				INFOPLIST_KEY_UIMainStoryboardFile = Main;
				INFOPLIST_KEY_UISupportedInterfaceOrientations_iPad = "UIInterfaceOrientationPortrait UIInterfaceOrientationPortraitUpsideDown UIInterfaceOrientationLandscapeLeft UIInterfaceOrientationLandscapeRight";
				INFOPLIST_KEY_UISupportedInterfaceOrientations_iPhone = "UIInterfaceOrientationPortrait UIInterfaceOrientationLandscapeLeft UIInterfaceOrientationLandscapeRight";
				LD_RUNPATH_SEARCH_PATHS = (
					"$(inherited)",
					"@executable_path/Frameworks",
				);
				MARKETING_VERSION = 1.0;
				PRODUCT_BUNDLE_IDENTIFIER = "ex.STORC-Mobile-App";
				PRODUCT_NAME = "$(TARGET_NAME)";
				SWIFT_EMIT_LOC_STRINGS = YES;
				SWIFT_VERSION = 5.0;
				TARGETED_DEVICE_FAMILY = "1,2";
			};
			name = Debug;
		};
		DD96B9CB2A3387B10093BE16 /* Release */ = {
			isa = XCBuildConfiguration;
			buildSettings = {
				ASSETCATALOG_COMPILER_APPICON_NAME = AppIcon;
				ASSETCATALOG_COMPILER_GLOBAL_ACCENT_COLOR_NAME = AccentColor;
				CODE_SIGN_ENTITLEMENTS = "STORC-Mobile-App/STORC-Mobile-App.entitlements";
				CODE_SIGN_STYLE = Automatic;
				CURRENT_PROJECT_VERSION = 1;
				DEVELOPMENT_TEAM = 7WTU38A2P3;
				GENERATE_INFOPLIST_FILE = YES;
				INFOPLIST_FILE = "STORC-Mobile-App/Info.plist";
				INFOPLIST_KEY_UIApplicationSupportsIndirectInputEvents = YES;
				INFOPLIST_KEY_UILaunchStoryboardName = LaunchScreen;
				INFOPLIST_KEY_UIMainStoryboardFile = Main;
				INFOPLIST_KEY_UISupportedInterfaceOrientations_iPad = "UIInterfaceOrientationPortrait UIInterfaceOrientationPortraitUpsideDown UIInterfaceOrientationLandscapeLeft UIInterfaceOrientationLandscapeRight";
				INFOPLIST_KEY_UISupportedInterfaceOrientations_iPhone = "UIInterfaceOrientationPortrait UIInterfaceOrientationLandscapeLeft UIInterfaceOrientationLandscapeRight";
				LD_RUNPATH_SEARCH_PATHS = (
					"$(inherited)",
					"@executable_path/Frameworks",
				);
				MARKETING_VERSION = 1.0;
				PRODUCT_BUNDLE_IDENTIFIER = "ex.STORC-Mobile-App";
				PRODUCT_NAME = "$(TARGET_NAME)";
				SWIFT_EMIT_LOC_STRINGS = YES;
				SWIFT_VERSION = 5.0;
				TARGETED_DEVICE_FAMILY = "1,2";
			};
			name = Release;
		};
/* End XCBuildConfiguration section */

/* Begin XCConfigurationList section */
		DD844A332A49E39000CB44F9 /* Build configuration list for PBXNativeTarget "STORC-Watch-App WatchKit Extension" */ = {
			isa = XCConfigurationList;
			buildConfigurations = (
				DD844A312A49E39000CB44F9 /* Debug */,
				DD844A322A49E39000CB44F9 /* Release */,
			);
			defaultConfigurationIsVisible = 0;
			defaultConfigurationName = Release;
		};
		DD844A342A49E39000CB44F9 /* Build configuration list for PBXNativeTarget "STORC-Watch-App" */ = {
			isa = XCConfigurationList;
			buildConfigurations = (
				DD844A2E2A49E39000CB44F9 /* Debug */,
				DD844A2F2A49E39000CB44F9 /* Release */,
			);
			defaultConfigurationIsVisible = 0;
			defaultConfigurationName = Release;
		};
		DD96B9AD2A3387A90093BE16 /* Build configuration list for PBXProject "STORC-Mobile-App" */ = {
			isa = XCConfigurationList;
			buildConfigurations = (
				DD96B9C72A3387B10093BE16 /* Debug */,
				DD96B9C82A3387B10093BE16 /* Release */,
			);
			defaultConfigurationIsVisible = 0;
			defaultConfigurationName = Release;
		};
		DD96B9C92A3387B10093BE16 /* Build configuration list for PBXNativeTarget "STORC-Mobile-App" */ = {
			isa = XCConfigurationList;
			buildConfigurations = (
				DD96B9CA2A3387B10093BE16 /* Debug */,
				DD96B9CB2A3387B10093BE16 /* Release */,
			);
			defaultConfigurationIsVisible = 0;
			defaultConfigurationName = Release;
		};
/* End XCConfigurationList section */

/* Begin XCVersionGroup section */
		DD96B9BE2A3387A90093BE16 /* STORC_Mobile_App.xcdatamodeld */ = {
			isa = XCVersionGroup;
			children = (
				DD96B9BF2A3387A90093BE16 /* STORC_Mobile_App.xcdatamodel */,
			);
			currentVersion = DD96B9BF2A3387A90093BE16 /* STORC_Mobile_App.xcdatamodel */;
			path = STORC_Mobile_App.xcdatamodeld;
			sourceTree = "<group>";
			versionGroupType = wrapper.xcdatamodel;
		};
/* End XCVersionGroup section */
	};
	rootObject = DD96B9AA2A3387A90093BE16 /* Project object */;
}
