// !$*UTF8*$!
{
	archiveVersion = 1;
	classes = {
	};
	objectVersion = 55;
	objects = {

/* Begin PBXBuildFile section */
		7718FBE52A40E30100AB5C28 /* HomePage.storyboard in Resources */ = {isa = PBXBuildFile; fileRef = 7718FBE42A40E30100AB5C28 /* HomePage.storyboard */; };
		7718FBE72A40E4A200AB5C28 /* HomePageViewController.swift in Sources */ = {isa = PBXBuildFile; fileRef = 7718FBE62A40E4A200AB5C28 /* HomePageViewController.swift */; };
		772BCB002A7708370009CFF9 /* Login.storyboard in Resources */ = {isa = PBXBuildFile; fileRef = 772BCAFC2A7708370009CFF9 /* Login.storyboard */; };
		772BCB012A7708370009CFF9 /* registrationController.swift in Sources */ = {isa = PBXBuildFile; fileRef = 772BCAFD2A7708370009CFF9 /* registrationController.swift */; };
		772BCB022A7708370009CFF9 /* loginController.swift in Sources */ = {isa = PBXBuildFile; fileRef = 772BCAFE2A7708370009CFF9 /* loginController.swift */; };
		772BCB032A7708370009CFF9 /* Sign-Up.storyboard in Resources */ = {isa = PBXBuildFile; fileRef = 772BCAFF2A7708370009CFF9 /* Sign-Up.storyboard */; };
		774B309F2A40F8AC00C03BF7 /* Charts in Frameworks */ = {isa = PBXBuildFile; productRef = 774B309E2A40F8AC00C03BF7 /* Charts */; };
		774B30A12A42712800C03BF7 /* TabBarController.storyboard in Resources */ = {isa = PBXBuildFile; fileRef = 774B30A02A42712800C03BF7 /* TabBarController.storyboard */; };
		774B30A32A4271DC00C03BF7 /* Settings.storyboard in Resources */ = {isa = PBXBuildFile; fileRef = 774B30A22A4271DC00C03BF7 /* Settings.storyboard */; };
		774B30A62A42734D00C03BF7 /* RevealingSplashView in Frameworks */ = {isa = PBXBuildFile; productRef = 774B30A52A42734D00C03BF7 /* RevealingSplashView */; };
		774B30A82A42736300C03BF7 /* SplashScreenViewController.swift in Sources */ = {isa = PBXBuildFile; fileRef = 774B30A72A42736300C03BF7 /* SplashScreenViewController.swift */; };
		774B30AA2A42737A00C03BF7 /* SplashScreen.storyboard in Resources */ = {isa = PBXBuildFile; fileRef = 774B30A92A42737A00C03BF7 /* SplashScreen.storyboard */; };
		778860652A578EC3008FF5CD /* HeartRateDataPoint.swift in Sources */ = {isa = PBXBuildFile; fileRef = 778860642A578EC3008FF5CD /* HeartRateDataPoint.swift */; };
		778860672A578FE1008FF5CD /* MovingAverageBasedContractionDetection.swift in Sources */ = {isa = PBXBuildFile; fileRef = 778860662A578FE1008FF5CD /* MovingAverageBasedContractionDetection.swift */; };
		7788606B2A584A37008FF5CD /* STORCTabularClassifier Boosted Tree.mlmodel in Sources */ = {isa = PBXBuildFile; fileRef = 7788606A2A584A37008FF5CD /* STORCTabularClassifier Boosted Tree.mlmodel */; };
		7788606D2A584AA2008FF5CD /* ContractionMonitoringDriver.swift in Sources */ = {isa = PBXBuildFile; fileRef = 7788606C2A584AA2008FF5CD /* ContractionMonitoringDriver.swift */; };
		77C7A3332A67252D00E10CB4 /* HistoricalRecords.storyboard in Resources */ = {isa = PBXBuildFile; fileRef = 77C7A3322A67252D00E10CB4 /* HistoricalRecords.storyboard */; };
		77C7A3352A67277F00E10CB4 /* HistoricalRecordsViewController.swift in Sources */ = {isa = PBXBuildFile; fileRef = 77C7A3342A67277F00E10CB4 /* HistoricalRecordsViewController.swift */; };
		77C7A3372A6727F300E10CB4 /* HistoricalRecordTableViewCell.swift in Sources */ = {isa = PBXBuildFile; fileRef = 77C7A3362A6727F300E10CB4 /* HistoricalRecordTableViewCell.swift */; };
		77C7A33A2A672A5100E10CB4 /* DetailedBreakdown.storyboard in Resources */ = {isa = PBXBuildFile; fileRef = 77C7A3392A672A5100E10CB4 /* DetailedBreakdown.storyboard */; };
		77C7A33C2A672A8C00E10CB4 /* DetailedBreakdownViewController.swift in Sources */ = {isa = PBXBuildFile; fileRef = 77C7A33B2A672A8C00E10CB4 /* DetailedBreakdownViewController.swift */; };
		77D711BD2A5F1AC500AC2359 /* Main.storyboard in Resources */ = {isa = PBXBuildFile; fileRef = 77D711BC2A5F1AC500AC2359 /* Main.storyboard */; };
		77F986262A717313008F0F58 /* movingAverageDetection-brian.swift in Sources */ = {isa = PBXBuildFile; fileRef = 77F986252A717313008F0F58 /* movingAverageDetection-brian.swift */; };
		77F9868E2A71780A008F0F58 /* Node.swift in Sources */ = {isa = PBXBuildFile; fileRef = 77F9868D2A71780A008F0F58 /* Node.swift */; };
		77F986AA2A71833C008F0F58 /* STORCApp.swift in Sources */ = {isa = PBXBuildFile; fileRef = 77F986A92A71833C008F0F58 /* STORCApp.swift */; };
		77F986AC2A71833C008F0F58 /* ContentView.swift in Sources */ = {isa = PBXBuildFile; fileRef = 77F986AB2A71833C008F0F58 /* ContentView.swift */; };
		77F986AE2A71833F008F0F58 /* Assets.xcassets in Resources */ = {isa = PBXBuildFile; fileRef = 77F986AD2A71833F008F0F58 /* Assets.xcassets */; };
		77F986B12A71833F008F0F58 /* Preview Assets.xcassets in Resources */ = {isa = PBXBuildFile; fileRef = 77F986B02A71833F008F0F58 /* Preview Assets.xcassets */; };
		77F986B62A7183B6008F0F58 /* InterfaceController.swift in Sources */ = {isa = PBXBuildFile; fileRef = 77F986B52A7183B6008F0F58 /* InterfaceController.swift */; };
		77F986C12A732228008F0F58 /* STORC_Mobile_App.xcdatamodeld in Sources */ = {isa = PBXBuildFile; fileRef = 77F986BF2A732228008F0F58 /* STORC_Mobile_App.xcdatamodeld */; };
		DD96B9B62A3387A90093BE16 /* AppDelegate.swift in Sources */ = {isa = PBXBuildFile; fileRef = DD96B9B52A3387A90093BE16 /* AppDelegate.swift */; };
		DD96B9B82A3387A90093BE16 /* SceneDelegate.swift in Sources */ = {isa = PBXBuildFile; fileRef = DD96B9B72A3387A90093BE16 /* SceneDelegate.swift */; };
		DD96B9C22A3387B10093BE16 /* Assets.xcassets in Resources */ = {isa = PBXBuildFile; fileRef = DD96B9C12A3387B10093BE16 /* Assets.xcassets */; };
		DD96B9C52A3387B10093BE16 /* LaunchScreen.storyboard in Resources */ = {isa = PBXBuildFile; fileRef = DD96B9C32A3387B10093BE16 /* LaunchScreen.storyboard */; };
/* End PBXBuildFile section */

/* Begin PBXCopyFilesBuildPhase section */
		77F986522A717557008F0F58 /* Embed Watch Content */ = {
			isa = PBXCopyFilesBuildPhase;
			buildActionMask = 2147483647;
			dstPath = "$(CONTENTS_FOLDER_PATH)/Watch";
			dstSubfolderSpec = 16;
			files = (
			);
			name = "Embed Watch Content";
			runOnlyForDeploymentPostprocessing = 0;
		};
/* End PBXCopyFilesBuildPhase section */

/* Begin PBXFileReference section */
		7718FBE42A40E30100AB5C28 /* HomePage.storyboard */ = {isa = PBXFileReference; lastKnownFileType = file.storyboard; path = HomePage.storyboard; sourceTree = "<group>"; };
		7718FBE62A40E4A200AB5C28 /* HomePageViewController.swift */ = {isa = PBXFileReference; lastKnownFileType = sourcecode.swift; path = HomePageViewController.swift; sourceTree = "<group>"; };
		772BCAFC2A7708370009CFF9 /* Login.storyboard */ = {isa = PBXFileReference; fileEncoding = 4; lastKnownFileType = file.storyboard; path = Login.storyboard; sourceTree = "<group>"; };
		772BCAFD2A7708370009CFF9 /* registrationController.swift */ = {isa = PBXFileReference; fileEncoding = 4; lastKnownFileType = sourcecode.swift; path = registrationController.swift; sourceTree = "<group>"; };
		772BCAFE2A7708370009CFF9 /* loginController.swift */ = {isa = PBXFileReference; fileEncoding = 4; lastKnownFileType = sourcecode.swift; path = loginController.swift; sourceTree = "<group>"; };
		772BCAFF2A7708370009CFF9 /* Sign-Up.storyboard */ = {isa = PBXFileReference; fileEncoding = 4; lastKnownFileType = file.storyboard; path = "Sign-Up.storyboard"; sourceTree = "<group>"; };
		774B30A02A42712800C03BF7 /* TabBarController.storyboard */ = {isa = PBXFileReference; lastKnownFileType = file.storyboard; path = TabBarController.storyboard; sourceTree = "<group>"; };
		774B30A22A4271DC00C03BF7 /* Settings.storyboard */ = {isa = PBXFileReference; lastKnownFileType = file.storyboard; path = Settings.storyboard; sourceTree = "<group>"; };
		774B30A72A42736300C03BF7 /* SplashScreenViewController.swift */ = {isa = PBXFileReference; lastKnownFileType = sourcecode.swift; path = SplashScreenViewController.swift; sourceTree = "<group>"; };
		774B30A92A42737A00C03BF7 /* SplashScreen.storyboard */ = {isa = PBXFileReference; lastKnownFileType = file.storyboard; path = SplashScreen.storyboard; sourceTree = "<group>"; };
		778860642A578EC3008FF5CD /* HeartRateDataPoint.swift */ = {isa = PBXFileReference; lastKnownFileType = sourcecode.swift; path = HeartRateDataPoint.swift; sourceTree = "<group>"; };
		778860662A578FE1008FF5CD /* MovingAverageBasedContractionDetection.swift */ = {isa = PBXFileReference; lastKnownFileType = sourcecode.swift; path = MovingAverageBasedContractionDetection.swift; sourceTree = "<group>"; };
		7788606A2A584A37008FF5CD /* STORCTabularClassifier Boosted Tree.mlmodel */ = {isa = PBXFileReference; lastKnownFileType = file.mlmodel; path = "STORCTabularClassifier Boosted Tree.mlmodel"; sourceTree = "<group>"; };
		7788606C2A584AA2008FF5CD /* ContractionMonitoringDriver.swift */ = {isa = PBXFileReference; lastKnownFileType = sourcecode.swift; path = ContractionMonitoringDriver.swift; sourceTree = "<group>"; };
		77C7A3322A67252D00E10CB4 /* HistoricalRecords.storyboard */ = {isa = PBXFileReference; lastKnownFileType = file.storyboard; path = HistoricalRecords.storyboard; sourceTree = "<group>"; };
		77C7A3342A67277F00E10CB4 /* HistoricalRecordsViewController.swift */ = {isa = PBXFileReference; lastKnownFileType = sourcecode.swift; path = HistoricalRecordsViewController.swift; sourceTree = "<group>"; };
		77C7A3362A6727F300E10CB4 /* HistoricalRecordTableViewCell.swift */ = {isa = PBXFileReference; lastKnownFileType = sourcecode.swift; path = HistoricalRecordTableViewCell.swift; sourceTree = "<group>"; };
		77C7A3392A672A5100E10CB4 /* DetailedBreakdown.storyboard */ = {isa = PBXFileReference; lastKnownFileType = file.storyboard; path = DetailedBreakdown.storyboard; sourceTree = "<group>"; };
		77C7A33B2A672A8C00E10CB4 /* DetailedBreakdownViewController.swift */ = {isa = PBXFileReference; lastKnownFileType = sourcecode.swift; path = DetailedBreakdownViewController.swift; sourceTree = "<group>"; };
		77D711BC2A5F1AC500AC2359 /* Main.storyboard */ = {isa = PBXFileReference; lastKnownFileType = file.storyboard; path = Main.storyboard; sourceTree = "<group>"; };
		77F986252A717313008F0F58 /* movingAverageDetection-brian.swift */ = {isa = PBXFileReference; fileEncoding = 4; lastKnownFileType = sourcecode.swift; path = "movingAverageDetection-brian.swift"; sourceTree = "<group>"; };
		77F9868D2A71780A008F0F58 /* Node.swift */ = {isa = PBXFileReference; fileEncoding = 4; lastKnownFileType = sourcecode.swift; path = Node.swift; sourceTree = "<group>"; };
		77F986A72A71833C008F0F58 /* STORC Watch App.app */ = {isa = PBXFileReference; explicitFileType = wrapper.application; includeInIndex = 0; path = "STORC Watch App.app"; sourceTree = BUILT_PRODUCTS_DIR; };
		77F986A92A71833C008F0F58 /* STORCApp.swift */ = {isa = PBXFileReference; lastKnownFileType = sourcecode.swift; path = STORCApp.swift; sourceTree = "<group>"; };
		77F986AB2A71833C008F0F58 /* ContentView.swift */ = {isa = PBXFileReference; lastKnownFileType = sourcecode.swift; path = ContentView.swift; sourceTree = "<group>"; };
		77F986AD2A71833F008F0F58 /* Assets.xcassets */ = {isa = PBXFileReference; lastKnownFileType = folder.assetcatalog; path = Assets.xcassets; sourceTree = "<group>"; };
		77F986B02A71833F008F0F58 /* Preview Assets.xcassets */ = {isa = PBXFileReference; lastKnownFileType = folder.assetcatalog; path = "Preview Assets.xcassets"; sourceTree = "<group>"; };
		77F986B52A7183B6008F0F58 /* InterfaceController.swift */ = {isa = PBXFileReference; fileEncoding = 4; lastKnownFileType = sourcecode.swift; path = InterfaceController.swift; sourceTree = "<group>"; };
		77F986B92A7186D8008F0F58 /* STORC-Watch-App-Info.plist */ = {isa = PBXFileReference; lastKnownFileType = text.plist; path = "STORC-Watch-App-Info.plist"; sourceTree = SOURCE_ROOT; };
		77F986BC2A718759008F0F58 /* HealthKit.framework */ = {isa = PBXFileReference; lastKnownFileType = wrapper.framework; name = HealthKit.framework; path = Platforms/WatchOS.platform/Developer/SDKs/WatchOS9.4.sdk/System/Library/Frameworks/HealthKit.framework; sourceTree = DEVELOPER_DIR; };
		77F986BE2A718785008F0F58 /* STORC Watch App.entitlements */ = {isa = PBXFileReference; lastKnownFileType = text.plist.entitlements; path = "STORC Watch App.entitlements"; sourceTree = "<group>"; };
		77F986C02A732228008F0F58 /* STORC_Mobile_App.xcdatamodel */ = {isa = PBXFileReference; lastKnownFileType = wrapper.xcdatamodel; path = STORC_Mobile_App.xcdatamodel; sourceTree = "<group>"; };
		77FF4C812A74A04900EA25BE /* STORC-Mobile-App.entitlements */ = {isa = PBXFileReference; lastKnownFileType = text.plist.entitlements; path = "STORC-Mobile-App.entitlements"; sourceTree = "<group>"; };
		DD96B9B22A3387A90093BE16 /* STORC-Mobile-App.app */ = {isa = PBXFileReference; explicitFileType = wrapper.application; includeInIndex = 0; path = "STORC-Mobile-App.app"; sourceTree = BUILT_PRODUCTS_DIR; };
		DD96B9B52A3387A90093BE16 /* AppDelegate.swift */ = {isa = PBXFileReference; lastKnownFileType = sourcecode.swift; path = AppDelegate.swift; sourceTree = "<group>"; };
		DD96B9B72A3387A90093BE16 /* SceneDelegate.swift */ = {isa = PBXFileReference; lastKnownFileType = sourcecode.swift; path = SceneDelegate.swift; sourceTree = "<group>"; };
		DD96B9C12A3387B10093BE16 /* Assets.xcassets */ = {isa = PBXFileReference; lastKnownFileType = folder.assetcatalog; path = Assets.xcassets; sourceTree = "<group>"; };
		DD96B9C42A3387B10093BE16 /* Base */ = {isa = PBXFileReference; lastKnownFileType = file.storyboard; name = Base; path = Base.lproj/LaunchScreen.storyboard; sourceTree = "<group>"; };
		DD96B9C62A3387B10093BE16 /* Info.plist */ = {isa = PBXFileReference; lastKnownFileType = text.plist.xml; path = Info.plist; sourceTree = "<group>"; };
/* End PBXFileReference section */

/* Begin PBXFrameworksBuildPhase section */
		77F986A42A71833C008F0F58 /* Frameworks */ = {
			isa = PBXFrameworksBuildPhase;
			buildActionMask = 2147483647;
			files = (
			);
			runOnlyForDeploymentPostprocessing = 0;
		};
		DD96B9AF2A3387A90093BE16 /* Frameworks */ = {
			isa = PBXFrameworksBuildPhase;
			buildActionMask = 2147483647;
			files = (
				774B30A62A42734D00C03BF7 /* RevealingSplashView in Frameworks */,
				774B309F2A40F8AC00C03BF7 /* Charts in Frameworks */,
			);
			runOnlyForDeploymentPostprocessing = 0;
		};
/* End PBXFrameworksBuildPhase section */

/* Begin PBXGroup section */
		774B30AB2A4354FA00C03BF7 /* HomePage */ = {
			isa = PBXGroup;
			children = (
				7718FBE42A40E30100AB5C28 /* HomePage.storyboard */,
				7718FBE62A40E4A200AB5C28 /* HomePageViewController.swift */,
			);
			path = HomePage;
			sourceTree = "<group>";
		};
		774B30AC2A43550600C03BF7 /* TabBarController */ = {
			isa = PBXGroup;
			children = (
				774B30A02A42712800C03BF7 /* TabBarController.storyboard */,
			);
			path = TabBarController;
			sourceTree = "<group>";
		};
		774B30AD2A43552200C03BF7 /* SettingsPage */ = {
			isa = PBXGroup;
			children = (
				774B30A22A4271DC00C03BF7 /* Settings.storyboard */,
			);
			path = SettingsPage;
			sourceTree = "<group>";
		};
		774B30AE2A43553300C03BF7 /* SplashScreen */ = {
			isa = PBXGroup;
			children = (
				774B30A92A42737A00C03BF7 /* SplashScreen.storyboard */,
				774B30A72A42736300C03BF7 /* SplashScreenViewController.swift */,
			);
			path = SplashScreen;
			sourceTree = "<group>";
		};
		77ACC94A2A7560BC00127530 /* UserAuth */ = {
			isa = PBXGroup;
			children = (
				772BCAFC2A7708370009CFF9 /* Login.storyboard */,
				772BCAFF2A7708370009CFF9 /* Sign-Up.storyboard */,
				772BCAFE2A7708370009CFF9 /* loginController.swift */,
				772BCAFD2A7708370009CFF9 /* registrationController.swift */,
			);
			path = UserAuth;
			sourceTree = "<group>";
		};
		77C7A3312A6724BC00E10CB4 /* HistoricalRecords */ = {
			isa = PBXGroup;
			children = (
				77C7A3322A67252D00E10CB4 /* HistoricalRecords.storyboard */,
				77C7A3342A67277F00E10CB4 /* HistoricalRecordsViewController.swift */,
				77C7A3362A6727F300E10CB4 /* HistoricalRecordTableViewCell.swift */,
			);
			path = HistoricalRecords;
			sourceTree = "<group>";
		};
		77C7A3382A672A1600E10CB4 /* DetailedBreakdown */ = {
			isa = PBXGroup;
			children = (
				77C7A3392A672A5100E10CB4 /* DetailedBreakdown.storyboard */,
				77C7A33B2A672A8C00E10CB4 /* DetailedBreakdownViewController.swift */,
			);
			path = DetailedBreakdown;
			sourceTree = "<group>";
		};
		77F986A82A71833C008F0F58 /* STORC Watch App */ = {
			isa = PBXGroup;
			children = (
				77F986BE2A718785008F0F58 /* STORC Watch App.entitlements */,
				77F986B92A7186D8008F0F58 /* STORC-Watch-App-Info.plist */,
				77F986A92A71833C008F0F58 /* STORCApp.swift */,
				77F986AB2A71833C008F0F58 /* ContentView.swift */,
				77F986B52A7183B6008F0F58 /* InterfaceController.swift */,
				77F986AD2A71833F008F0F58 /* Assets.xcassets */,
				77F986AF2A71833F008F0F58 /* Preview Content */,
			);
			path = "STORC Watch App";
			sourceTree = "<group>";
		};
		77F986AF2A71833F008F0F58 /* Preview Content */ = {
			isa = PBXGroup;
			children = (
				77F986B02A71833F008F0F58 /* Preview Assets.xcassets */,
			);
			path = "Preview Content";
			sourceTree = "<group>";
		};
		77F986BB2A718759008F0F58 /* Frameworks */ = {
			isa = PBXGroup;
			children = (
				77F986BC2A718759008F0F58 /* HealthKit.framework */,
			);
			name = Frameworks;
			sourceTree = "<group>";
		};
		DD96B9A92A3387A90093BE16 = {
			isa = PBXGroup;
			children = (
				DD96B9B42A3387A90093BE16 /* STORC-Mobile-App */,
				77F986A82A71833C008F0F58 /* STORC Watch App */,
				DD96B9B32A3387A90093BE16 /* Products */,
				77F986BB2A718759008F0F58 /* Frameworks */,
			);
			sourceTree = "<group>";
		};
		DD96B9B32A3387A90093BE16 /* Products */ = {
			isa = PBXGroup;
			children = (
				DD96B9B22A3387A90093BE16 /* STORC-Mobile-App.app */,
				77F986A72A71833C008F0F58 /* STORC Watch App.app */,
			);
			name = Products;
			sourceTree = "<group>";
		};
		DD96B9B42A3387A90093BE16 /* STORC-Mobile-App */ = {
			isa = PBXGroup;
			children = (
				77FF4C812A74A04900EA25BE /* STORC-Mobile-App.entitlements */,
				DD96B9B52A3387A90093BE16 /* AppDelegate.swift */,
				DD96B9B72A3387A90093BE16 /* SceneDelegate.swift */,
				774B30AE2A43553300C03BF7 /* SplashScreen */,
				77ACC94A2A7560BC00127530 /* UserAuth */,
				774B30AC2A43550600C03BF7 /* TabBarController */,
				774B30AB2A4354FA00C03BF7 /* HomePage */,
				77C7A3312A6724BC00E10CB4 /* HistoricalRecords */,
				77C7A3382A672A1600E10CB4 /* DetailedBreakdown */,
				774B30AD2A43552200C03BF7 /* SettingsPage */,
				DD96B9C32A3387B10093BE16 /* LaunchScreen.storyboard */,
				DD96B9C12A3387B10093BE16 /* Assets.xcassets */,
				DD96B9C62A3387B10093BE16 /* Info.plist */,
				77F986BF2A732228008F0F58 /* STORC_Mobile_App.xcdatamodeld */,
				7788606C2A584AA2008FF5CD /* ContractionMonitoringDriver.swift */,
				778860642A578EC3008FF5CD /* HeartRateDataPoint.swift */,
				778860662A578FE1008FF5CD /* MovingAverageBasedContractionDetection.swift */,
				77F986252A717313008F0F58 /* movingAverageDetection-brian.swift */,
				77F9868D2A71780A008F0F58 /* Node.swift */,
				7788606A2A584A37008FF5CD /* STORCTabularClassifier Boosted Tree.mlmodel */,
				77D711BC2A5F1AC500AC2359 /* Main.storyboard */,
			);
			path = "STORC-Mobile-App";
			sourceTree = "<group>";
		};
/* End PBXGroup section */

/* Begin PBXNativeTarget section */
		77F986A62A71833C008F0F58 /* STORC Watch App */ = {
			isa = PBXNativeTarget;
			buildConfigurationList = 77F986B22A71833F008F0F58 /* Build configuration list for PBXNativeTarget "STORC Watch App" */;
			buildPhases = (
				77F986A32A71833C008F0F58 /* Sources */,
				77F986A42A71833C008F0F58 /* Frameworks */,
				77F986A52A71833C008F0F58 /* Resources */,
			);
			buildRules = (
			);
			dependencies = (
			);
			name = "STORC Watch App";
			productName = "STORC Watch App";
			productReference = 77F986A72A71833C008F0F58 /* STORC Watch App.app */;
			productType = "com.apple.product-type.application";
		};
		DD96B9B12A3387A90093BE16 /* STORC-Mobile-App */ = {
			isa = PBXNativeTarget;
			buildConfigurationList = DD96B9C92A3387B10093BE16 /* Build configuration list for PBXNativeTarget "STORC-Mobile-App" */;
			buildPhases = (
				DD96B9AE2A3387A90093BE16 /* Sources */,
				DD96B9AF2A3387A90093BE16 /* Frameworks */,
				DD96B9B02A3387A90093BE16 /* Resources */,
				77F986522A717557008F0F58 /* Embed Watch Content */,
			);
			buildRules = (
			);
			dependencies = (
			);
			name = "STORC-Mobile-App";
			packageProductDependencies = (
				774B309E2A40F8AC00C03BF7 /* Charts */,
				774B30A52A42734D00C03BF7 /* RevealingSplashView */,
			);
			productName = "STORC-Mobile-App";
			productReference = DD96B9B22A3387A90093BE16 /* STORC-Mobile-App.app */;
			productType = "com.apple.product-type.application";
		};
/* End PBXNativeTarget section */

/* Begin PBXProject section */
		DD96B9AA2A3387A90093BE16 /* Project object */ = {
			isa = PBXProject;
			attributes = {
				BuildIndependentTargetsInParallel = 1;
				LastSwiftUpdateCheck = 1430;
				LastUpgradeCheck = 1340;
				TargetAttributes = {
					77F986A62A71833C008F0F58 = {
						CreatedOnToolsVersion = 14.3.1;
					};
					DD96B9B12A3387A90093BE16 = {
						CreatedOnToolsVersion = 13.4.1;
					};
				};
			};
			buildConfigurationList = DD96B9AD2A3387A90093BE16 /* Build configuration list for PBXProject "STORC-Mobile-App" */;
			compatibilityVersion = "Xcode 13.0";
			developmentRegion = en;
			hasScannedForEncodings = 0;
			knownRegions = (
				en,
				Base,
			);
			mainGroup = DD96B9A92A3387A90093BE16;
			packageReferences = (
				774B309D2A40F8AC00C03BF7 /* XCRemoteSwiftPackageReference "Charts" */,
				774B30A42A42734D00C03BF7 /* XCRemoteSwiftPackageReference "RevealingSplashView" */,
			);
			productRefGroup = DD96B9B32A3387A90093BE16 /* Products */;
			projectDirPath = "";
			projectRoot = "";
			targets = (
				DD96B9B12A3387A90093BE16 /* STORC-Mobile-App */,
				77F986A62A71833C008F0F58 /* STORC Watch App */,
			);
		};
/* End PBXProject section */

/* Begin PBXResourcesBuildPhase section */
		77F986A52A71833C008F0F58 /* Resources */ = {
			isa = PBXResourcesBuildPhase;
			buildActionMask = 2147483647;
			files = (
				77F986B12A71833F008F0F58 /* Preview Assets.xcassets in Resources */,
				77F986AE2A71833F008F0F58 /* Assets.xcassets in Resources */,
			);
			runOnlyForDeploymentPostprocessing = 0;
		};
		DD96B9B02A3387A90093BE16 /* Resources */ = {
			isa = PBXResourcesBuildPhase;
			buildActionMask = 2147483647;
			files = (
				77D711BD2A5F1AC500AC2359 /* Main.storyboard in Resources */,
				77C7A33A2A672A5100E10CB4 /* DetailedBreakdown.storyboard in Resources */,
				7718FBE52A40E30100AB5C28 /* HomePage.storyboard in Resources */,
				772BCB032A7708370009CFF9 /* Sign-Up.storyboard in Resources */,
				DD96B9C52A3387B10093BE16 /* LaunchScreen.storyboard in Resources */,
				774B30A12A42712800C03BF7 /* TabBarController.storyboard in Resources */,
				774B30A32A4271DC00C03BF7 /* Settings.storyboard in Resources */,
				DD96B9C22A3387B10093BE16 /* Assets.xcassets in Resources */,
				772BCB002A7708370009CFF9 /* Login.storyboard in Resources */,
				774B30AA2A42737A00C03BF7 /* SplashScreen.storyboard in Resources */,
				77C7A3332A67252D00E10CB4 /* HistoricalRecords.storyboard in Resources */,
			);
			runOnlyForDeploymentPostprocessing = 0;
		};
/* End PBXResourcesBuildPhase section */

/* Begin PBXSourcesBuildPhase section */
		77F986A32A71833C008F0F58 /* Sources */ = {
			isa = PBXSourcesBuildPhase;
			buildActionMask = 2147483647;
			files = (
				77F986B62A7183B6008F0F58 /* InterfaceController.swift in Sources */,
				77F986AC2A71833C008F0F58 /* ContentView.swift in Sources */,
				77F986AA2A71833C008F0F58 /* STORCApp.swift in Sources */,
			);
			runOnlyForDeploymentPostprocessing = 0;
		};
		DD96B9AE2A3387A90093BE16 /* Sources */ = {
			isa = PBXSourcesBuildPhase;
			buildActionMask = 2147483647;
			files = (
				DD96B9B62A3387A90093BE16 /* AppDelegate.swift in Sources */,
				77F986C12A732228008F0F58 /* STORC_Mobile_App.xcdatamodeld in Sources */,
				77F986262A717313008F0F58 /* movingAverageDetection-brian.swift in Sources */,
				778860672A578FE1008FF5CD /* MovingAverageBasedContractionDetection.swift in Sources */,
				778860652A578EC3008FF5CD /* HeartRateDataPoint.swift in Sources */,
				774B30A82A42736300C03BF7 /* SplashScreenViewController.swift in Sources */,
				77C7A33C2A672A8C00E10CB4 /* DetailedBreakdownViewController.swift in Sources */,
				772BCB012A7708370009CFF9 /* registrationController.swift in Sources */,
				DD96B9B82A3387A90093BE16 /* SceneDelegate.swift in Sources */,
				77C7A3372A6727F300E10CB4 /* HistoricalRecordTableViewCell.swift in Sources */,
				7718FBE72A40E4A200AB5C28 /* HomePageViewController.swift in Sources */,
				7788606B2A584A37008FF5CD /* STORCTabularClassifier Boosted Tree.mlmodel in Sources */,
				77C7A3352A67277F00E10CB4 /* HistoricalRecordsViewController.swift in Sources */,
				772BCB022A7708370009CFF9 /* loginController.swift in Sources */,
				7788606D2A584AA2008FF5CD /* ContractionMonitoringDriver.swift in Sources */,
				77F9868E2A71780A008F0F58 /* Node.swift in Sources */,
			);
			runOnlyForDeploymentPostprocessing = 0;
		};
/* End PBXSourcesBuildPhase section */

/* Begin PBXVariantGroup section */
		DD96B9C32A3387B10093BE16 /* LaunchScreen.storyboard */ = {
			isa = PBXVariantGroup;
			children = (
				DD96B9C42A3387B10093BE16 /* Base */,
			);
			name = LaunchScreen.storyboard;
			sourceTree = "<group>";
		};
/* End PBXVariantGroup section */

/* Begin XCBuildConfiguration section */
		77F986B32A71833F008F0F58 /* Debug */ = {
			isa = XCBuildConfiguration;
			buildSettings = {
				ASSETCATALOG_COMPILER_APPICON_NAME = AppIcon;
				ASSETCATALOG_COMPILER_GLOBAL_ACCENT_COLOR_NAME = AccentColor;
				CLANG_CXX_LANGUAGE_STANDARD = "gnu++20";
				CODE_SIGN_ENTITLEMENTS = "STORC Watch App/STORC Watch App.entitlements";
				CODE_SIGN_STYLE = Automatic;
				CURRENT_PROJECT_VERSION = 1;
				DEVELOPMENT_ASSET_PATHS = "\"STORC Watch App/Preview Content\"";
				DEVELOPMENT_TEAM = 3DG74M45D2;
				ENABLE_PREVIEWS = YES;
				GENERATE_INFOPLIST_FILE = YES;
				INFOPLIST_FILE = "STORC-Watch-App-Info.plist";
				INFOPLIST_KEY_CFBundleDisplayName = STORC;
				INFOPLIST_KEY_NSHealthClinicalHealthRecordsShareUsageDescription = "Used for contraction detection.";
				INFOPLIST_KEY_NSHealthShareUsageDescription = "Used for contraction detection.";
				INFOPLIST_KEY_NSHealthUpdateUsageDescription = "We will use the HealthKit to detect contractions.";
				INFOPLIST_KEY_UISupportedInterfaceOrientations = "UIInterfaceOrientationPortrait UIInterfaceOrientationPortraitUpsideDown";
				INFOPLIST_KEY_WKCompanionAppBundleIdentifier = "ex.STORC-Mobile-App.gkb.personal";
				LD_RUNPATH_SEARCH_PATHS = (
					"$(inherited)",
					"@executable_path/Frameworks",
				);
				MARKETING_VERSION = 1.0;
				PRODUCT_BUNDLE_IDENTIFIER = "ex.STORC-Mobile-App.gkb.personal.storcwatchkitapp";
				PRODUCT_NAME = "$(TARGET_NAME)";
				SDKROOT = watchos;
				SKIP_INSTALL = YES;
				SWIFT_EMIT_LOC_STRINGS = YES;
				SWIFT_VERSION = 5.0;
				TARGETED_DEVICE_FAMILY = 4;
				WATCHOS_DEPLOYMENT_TARGET = 9.0;
			};
			name = Debug;
		};
		77F986B42A71833F008F0F58 /* Release */ = {
			isa = XCBuildConfiguration;
			buildSettings = {
				ASSETCATALOG_COMPILER_APPICON_NAME = AppIcon;
				ASSETCATALOG_COMPILER_GLOBAL_ACCENT_COLOR_NAME = AccentColor;
				CLANG_CXX_LANGUAGE_STANDARD = "gnu++20";
				CODE_SIGN_ENTITLEMENTS = "STORC Watch App/STORC Watch App.entitlements";
				CODE_SIGN_STYLE = Automatic;
				CURRENT_PROJECT_VERSION = 1;
				DEVELOPMENT_ASSET_PATHS = "\"STORC Watch App/Preview Content\"";
				DEVELOPMENT_TEAM = 3DG74M45D2;
				ENABLE_PREVIEWS = YES;
				GENERATE_INFOPLIST_FILE = YES;
				INFOPLIST_FILE = "STORC-Watch-App-Info.plist";
				INFOPLIST_KEY_CFBundleDisplayName = STORC;
				INFOPLIST_KEY_NSHealthClinicalHealthRecordsShareUsageDescription = "Used for contraction detection.";
				INFOPLIST_KEY_NSHealthShareUsageDescription = "Used for contraction detection.";
				INFOPLIST_KEY_NSHealthUpdateUsageDescription = "We will use the HealthKit to detect contractions.";
				INFOPLIST_KEY_UISupportedInterfaceOrientations = "UIInterfaceOrientationPortrait UIInterfaceOrientationPortraitUpsideDown";
				INFOPLIST_KEY_WKCompanionAppBundleIdentifier = "ex.STORC-Mobile-App.gkb.personal";
				LD_RUNPATH_SEARCH_PATHS = (
					"$(inherited)",
					"@executable_path/Frameworks",
				);
				MARKETING_VERSION = 1.0;
				PRODUCT_BUNDLE_IDENTIFIER = "ex.STORC-Mobile-App.gkb.personal.storcwatchkitapp";
				PRODUCT_NAME = "$(TARGET_NAME)";
				SDKROOT = watchos;
				SKIP_INSTALL = YES;
				SWIFT_EMIT_LOC_STRINGS = YES;
				SWIFT_VERSION = 5.0;
				TARGETED_DEVICE_FAMILY = 4;
				WATCHOS_DEPLOYMENT_TARGET = 9.0;
			};
			name = Release;
		};
		DD96B9C72A3387B10093BE16 /* Debug */ = {
			isa = XCBuildConfiguration;
			buildSettings = {
				ALWAYS_SEARCH_USER_PATHS = NO;
				CLANG_ANALYZER_NONNULL = YES;
				CLANG_ANALYZER_NUMBER_OBJECT_CONVERSION = YES_AGGRESSIVE;
				CLANG_CXX_LANGUAGE_STANDARD = "gnu++17";
				CLANG_ENABLE_MODULES = YES;
				CLANG_ENABLE_OBJC_ARC = YES;
				CLANG_ENABLE_OBJC_WEAK = YES;
				CLANG_WARN_BLOCK_CAPTURE_AUTORELEASING = YES;
				CLANG_WARN_BOOL_CONVERSION = YES;
				CLANG_WARN_COMMA = YES;
				CLANG_WARN_CONSTANT_CONVERSION = YES;
				CLANG_WARN_DEPRECATED_OBJC_IMPLEMENTATIONS = YES;
				CLANG_WARN_DIRECT_OBJC_ISA_USAGE = YES_ERROR;
				CLANG_WARN_DOCUMENTATION_COMMENTS = YES;
				CLANG_WARN_EMPTY_BODY = YES;
				CLANG_WARN_ENUM_CONVERSION = YES;
				CLANG_WARN_INFINITE_RECURSION = YES;
				CLANG_WARN_INT_CONVERSION = YES;
				CLANG_WARN_NON_LITERAL_NULL_CONVERSION = YES;
				CLANG_WARN_OBJC_IMPLICIT_RETAIN_SELF = YES;
				CLANG_WARN_OBJC_LITERAL_CONVERSION = YES;
				CLANG_WARN_OBJC_ROOT_CLASS = YES_ERROR;
				CLANG_WARN_QUOTED_INCLUDE_IN_FRAMEWORK_HEADER = YES;
				CLANG_WARN_RANGE_LOOP_ANALYSIS = YES;
				CLANG_WARN_STRICT_PROTOTYPES = YES;
				CLANG_WARN_SUSPICIOUS_MOVE = YES;
				CLANG_WARN_UNGUARDED_AVAILABILITY = YES_AGGRESSIVE;
				CLANG_WARN_UNREACHABLE_CODE = YES;
				CLANG_WARN__DUPLICATE_METHOD_MATCH = YES;
				COPY_PHASE_STRIP = NO;
				DEBUG_INFORMATION_FORMAT = dwarf;
				ENABLE_STRICT_OBJC_MSGSEND = YES;
				ENABLE_TESTABILITY = YES;
				GCC_C_LANGUAGE_STANDARD = gnu11;
				GCC_DYNAMIC_NO_PIC = NO;
				GCC_NO_COMMON_BLOCKS = YES;
				GCC_OPTIMIZATION_LEVEL = 0;
				GCC_PREPROCESSOR_DEFINITIONS = (
					"DEBUG=1",
					"$(inherited)",
				);
				GCC_WARN_64_TO_32_BIT_CONVERSION = YES;
				GCC_WARN_ABOUT_RETURN_TYPE = YES_ERROR;
				GCC_WARN_UNDECLARED_SELECTOR = YES;
				GCC_WARN_UNINITIALIZED_AUTOS = YES_AGGRESSIVE;
				GCC_WARN_UNUSED_FUNCTION = YES;
				GCC_WARN_UNUSED_VARIABLE = YES;
				IPHONEOS_DEPLOYMENT_TARGET = 15.0;
				MTL_ENABLE_DEBUG_INFO = INCLUDE_SOURCE;
				MTL_FAST_MATH = YES;
				ONLY_ACTIVE_ARCH = YES;
				SDKROOT = iphoneos;
				SWIFT_ACTIVE_COMPILATION_CONDITIONS = DEBUG;
				SWIFT_OPTIMIZATION_LEVEL = "-Onone";
			};
			name = Debug;
		};
		DD96B9C82A3387B10093BE16 /* Release */ = {
			isa = XCBuildConfiguration;
			buildSettings = {
				ALWAYS_SEARCH_USER_PATHS = NO;
				CLANG_ANALYZER_NONNULL = YES;
				CLANG_ANALYZER_NUMBER_OBJECT_CONVERSION = YES_AGGRESSIVE;
				CLANG_CXX_LANGUAGE_STANDARD = "gnu++17";
				CLANG_ENABLE_MODULES = YES;
				CLANG_ENABLE_OBJC_ARC = YES;
				CLANG_ENABLE_OBJC_WEAK = YES;
				CLANG_WARN_BLOCK_CAPTURE_AUTORELEASING = YES;
				CLANG_WARN_BOOL_CONVERSION = YES;
				CLANG_WARN_COMMA = YES;
				CLANG_WARN_CONSTANT_CONVERSION = YES;
				CLANG_WARN_DEPRECATED_OBJC_IMPLEMENTATIONS = YES;
				CLANG_WARN_DIRECT_OBJC_ISA_USAGE = YES_ERROR;
				CLANG_WARN_DOCUMENTATION_COMMENTS = YES;
				CLANG_WARN_EMPTY_BODY = YES;
				CLANG_WARN_ENUM_CONVERSION = YES;
				CLANG_WARN_INFINITE_RECURSION = YES;
				CLANG_WARN_INT_CONVERSION = YES;
				CLANG_WARN_NON_LITERAL_NULL_CONVERSION = YES;
				CLANG_WARN_OBJC_IMPLICIT_RETAIN_SELF = YES;
				CLANG_WARN_OBJC_LITERAL_CONVERSION = YES;
				CLANG_WARN_OBJC_ROOT_CLASS = YES_ERROR;
				CLANG_WARN_QUOTED_INCLUDE_IN_FRAMEWORK_HEADER = YES;
				CLANG_WARN_RANGE_LOOP_ANALYSIS = YES;
				CLANG_WARN_STRICT_PROTOTYPES = YES;
				CLANG_WARN_SUSPICIOUS_MOVE = YES;
				CLANG_WARN_UNGUARDED_AVAILABILITY = YES_AGGRESSIVE;
				CLANG_WARN_UNREACHABLE_CODE = YES;
				CLANG_WARN__DUPLICATE_METHOD_MATCH = YES;
				COPY_PHASE_STRIP = NO;
				DEBUG_INFORMATION_FORMAT = "dwarf-with-dsym";
				ENABLE_NS_ASSERTIONS = NO;
				ENABLE_STRICT_OBJC_MSGSEND = YES;
				GCC_C_LANGUAGE_STANDARD = gnu11;
				GCC_NO_COMMON_BLOCKS = YES;
				GCC_WARN_64_TO_32_BIT_CONVERSION = YES;
				GCC_WARN_ABOUT_RETURN_TYPE = YES_ERROR;
				GCC_WARN_UNDECLARED_SELECTOR = YES;
				GCC_WARN_UNINITIALIZED_AUTOS = YES_AGGRESSIVE;
				GCC_WARN_UNUSED_FUNCTION = YES;
				GCC_WARN_UNUSED_VARIABLE = YES;
				IPHONEOS_DEPLOYMENT_TARGET = 15.0;
				MTL_ENABLE_DEBUG_INFO = NO;
				MTL_FAST_MATH = YES;
				SDKROOT = iphoneos;
				SWIFT_COMPILATION_MODE = wholemodule;
				SWIFT_OPTIMIZATION_LEVEL = "-O";
				VALIDATE_PRODUCT = YES;
			};
			name = Release;
		};
		DD96B9CA2A3387B10093BE16 /* Debug */ = {
			isa = XCBuildConfiguration;
			buildSettings = {
				ALWAYS_EMBED_SWIFT_STANDARD_LIBRARIES = YES;
				ASSETCATALOG_COMPILER_APPICON_NAME = AppIcon;
				ASSETCATALOG_COMPILER_GLOBAL_ACCENT_COLOR_NAME = AccentColor;
				CODE_SIGN_ENTITLEMENTS = "STORC-Mobile-App/STORC-Mobile-App.entitlements";
				CODE_SIGN_IDENTITY = "Apple Development";
				CODE_SIGN_STYLE = Automatic;
				CURRENT_PROJECT_VERSION = 1;
				DEVELOPMENT_TEAM = 3DG74M45D2;
				GENERATE_INFOPLIST_FILE = YES;
				INFOPLIST_FILE = "STORC-Mobile-App/Info.plist";
				INFOPLIST_KEY_UIApplicationSupportsIndirectInputEvents = YES;
				INFOPLIST_KEY_UILaunchStoryboardName = LaunchScreen;
				INFOPLIST_KEY_UIMainStoryboardFile = Main;
				INFOPLIST_KEY_UISupportedInterfaceOrientations_iPad = "UIInterfaceOrientationPortrait UIInterfaceOrientationPortraitUpsideDown UIInterfaceOrientationLandscapeLeft UIInterfaceOrientationLandscapeRight";
				INFOPLIST_KEY_UISupportedInterfaceOrientations_iPhone = "UIInterfaceOrientationPortrait UIInterfaceOrientationLandscapeLeft UIInterfaceOrientationLandscapeRight";
				INFOPLIST_KEY_WKCompanionAppBundleIdentifier = "ex.STORC-Mobile-App.gkb.personal.storcwatchkitapp";
				LD_RUNPATH_SEARCH_PATHS = (
					"$(inherited)",
					"@executable_path/Frameworks",
				);
				MARKETING_VERSION = 1.0;
				PRODUCT_BUNDLE_IDENTIFIER = "ex.STORC-Mobile-App.gkb.personal";
				PRODUCT_NAME = "$(TARGET_NAME)";
				PROVISIONING_PROFILE_SPECIFIER = "";
				SWIFT_EMIT_LOC_STRINGS = YES;
				SWIFT_VERSION = 5.0;
				TARGETED_DEVICE_FAMILY = "1,2";
			};
			name = Debug;
		};
		DD96B9CB2A3387B10093BE16 /* Release */ = {
			isa = XCBuildConfiguration;
			buildSettings = {
				ALWAYS_EMBED_SWIFT_STANDARD_LIBRARIES = YES;
				ASSETCATALOG_COMPILER_APPICON_NAME = AppIcon;
				ASSETCATALOG_COMPILER_GLOBAL_ACCENT_COLOR_NAME = AccentColor;
				CODE_SIGN_ENTITLEMENTS = "STORC-Mobile-App/STORC-Mobile-App.entitlements";
				CODE_SIGN_IDENTITY = "Apple Development";
				CODE_SIGN_STYLE = Automatic;
				CURRENT_PROJECT_VERSION = 1;
				DEVELOPMENT_TEAM = 3DG74M45D2;
				GENERATE_INFOPLIST_FILE = YES;
				INFOPLIST_FILE = "STORC-Mobile-App/Info.plist";
				INFOPLIST_KEY_UIApplicationSupportsIndirectInputEvents = YES;
				INFOPLIST_KEY_UILaunchStoryboardName = LaunchScreen;
				INFOPLIST_KEY_UIMainStoryboardFile = Main;
				INFOPLIST_KEY_UISupportedInterfaceOrientations_iPad = "UIInterfaceOrientationPortrait UIInterfaceOrientationPortraitUpsideDown UIInterfaceOrientationLandscapeLeft UIInterfaceOrientationLandscapeRight";
				INFOPLIST_KEY_UISupportedInterfaceOrientations_iPhone = "UIInterfaceOrientationPortrait UIInterfaceOrientationLandscapeLeft UIInterfaceOrientationLandscapeRight";
				INFOPLIST_KEY_WKCompanionAppBundleIdentifier = "ex.STORC-Mobile-App.gkb.personal.storcwatchkitapp";
				LD_RUNPATH_SEARCH_PATHS = (
					"$(inherited)",
					"@executable_path/Frameworks",
				);
				MARKETING_VERSION = 1.0;
				PRODUCT_BUNDLE_IDENTIFIER = "ex.STORC-Mobile-App.gkb.personal";
				PRODUCT_NAME = "$(TARGET_NAME)";
				PROVISIONING_PROFILE_SPECIFIER = "";
				SWIFT_EMIT_LOC_STRINGS = YES;
				SWIFT_VERSION = 5.0;
				TARGETED_DEVICE_FAMILY = "1,2";
			};
			name = Release;
		};
/* End XCBuildConfiguration section */

/* Begin XCConfigurationList section */
		77F986B22A71833F008F0F58 /* Build configuration list for PBXNativeTarget "STORC Watch App" */ = {
			isa = XCConfigurationList;
			buildConfigurations = (
				77F986B32A71833F008F0F58 /* Debug */,
				77F986B42A71833F008F0F58 /* Release */,
			);
			defaultConfigurationIsVisible = 0;
			defaultConfigurationName = Release;
		};
		DD96B9AD2A3387A90093BE16 /* Build configuration list for PBXProject "STORC-Mobile-App" */ = {
			isa = XCConfigurationList;
			buildConfigurations = (
				DD96B9C72A3387B10093BE16 /* Debug */,
				DD96B9C82A3387B10093BE16 /* Release */,
			);
			defaultConfigurationIsVisible = 0;
			defaultConfigurationName = Release;
		};
		DD96B9C92A3387B10093BE16 /* Build configuration list for PBXNativeTarget "STORC-Mobile-App" */ = {
			isa = XCConfigurationList;
			buildConfigurations = (
				DD96B9CA2A3387B10093BE16 /* Debug */,
				DD96B9CB2A3387B10093BE16 /* Release */,
			);
			defaultConfigurationIsVisible = 0;
			defaultConfigurationName = Release;
		};
/* End XCConfigurationList section */

/* Begin XCRemoteSwiftPackageReference section */
		774B309D2A40F8AC00C03BF7 /* XCRemoteSwiftPackageReference "Charts" */ = {
			isa = XCRemoteSwiftPackageReference;
			repositoryURL = "https://github.com/danielgindi/Charts.git";
			requirement = {
				kind = exactVersion;
				version = 4.1.0;
			};
		};
		774B30A42A42734D00C03BF7 /* XCRemoteSwiftPackageReference "RevealingSplashView" */ = {
			isa = XCRemoteSwiftPackageReference;
			repositoryURL = "https://github.com/PiXeL16/RevealingSplashView.git";
			requirement = {
				branch = master;
				kind = branch;
			};
		};
/* End XCRemoteSwiftPackageReference section */

/* Begin XCSwiftPackageProductDependency section */
		774B309E2A40F8AC00C03BF7 /* Charts */ = {
			isa = XCSwiftPackageProductDependency;
			package = 774B309D2A40F8AC00C03BF7 /* XCRemoteSwiftPackageReference "Charts" */;
			productName = Charts;
		};
		774B30A52A42734D00C03BF7 /* RevealingSplashView */ = {
			isa = XCSwiftPackageProductDependency;
			package = 774B30A42A42734D00C03BF7 /* XCRemoteSwiftPackageReference "RevealingSplashView" */;
			productName = RevealingSplashView;
		};
/* End XCSwiftPackageProductDependency section */

/* Begin XCVersionGroup section */
		77F986BF2A732228008F0F58 /* STORC_Mobile_App.xcdatamodeld */ = {
			isa = XCVersionGroup;
			children = (
				77F986C02A732228008F0F58 /* STORC_Mobile_App.xcdatamodel */,
			);
			currentVersion = 77F986C02A732228008F0F58 /* STORC_Mobile_App.xcdatamodel */;
			path = STORC_Mobile_App.xcdatamodeld;
			sourceTree = "<group>";
			versionGroupType = wrapper.xcdatamodel;
		};
/* End XCVersionGroup section */
	};
	rootObject = DD96B9AA2A3387A90093BE16 /* Project object */;
}
