// !$*UTF8*$!
{
	archiveVersion = 1;
	classes = {
	};
	objectVersion = 55;
	objects = {

/* Begin PBXBuildFile section */
		7718FBE52A40E30100AB5C28 /* HomePage.storyboard in Resources */ = {isa = PBXBuildFile; fileRef = 7718FBE42A40E30100AB5C28 /* HomePage.storyboard */; };
		7718FBE72A40E4A200AB5C28 /* HomePageViewController.swift in Sources */ = {isa = PBXBuildFile; fileRef = 7718FBE62A40E4A200AB5C28 /* HomePageViewController.swift */; };
		774B309F2A40F8AC00C03BF7 /* Charts in Frameworks */ = {isa = PBXBuildFile; productRef = 774B309E2A40F8AC00C03BF7 /* Charts */; };
		774B30A12A42712800C03BF7 /* TabBarController.storyboard in Resources */ = {isa = PBXBuildFile; fileRef = 774B30A02A42712800C03BF7 /* TabBarController.storyboard */; };
		774B30A32A4271DC00C03BF7 /* Settings.storyboard in Resources */ = {isa = PBXBuildFile; fileRef = 774B30A22A4271DC00C03BF7 /* Settings.storyboard */; };
		774B30A62A42734D00C03BF7 /* RevealingSplashView in Frameworks */ = {isa = PBXBuildFile; productRef = 774B30A52A42734D00C03BF7 /* RevealingSplashView */; };
		774B30A82A42736300C03BF7 /* SplashScreenViewController.swift in Sources */ = {isa = PBXBuildFile; fileRef = 774B30A72A42736300C03BF7 /* SplashScreenViewController.swift */; };
		774B30AA2A42737A00C03BF7 /* SplashScreen.storyboard in Resources */ = {isa = PBXBuildFile; fileRef = 774B30A92A42737A00C03BF7 /* SplashScreen.storyboard */; };
		778860652A578EC3008FF5CD /* HeartRateDataPoint.swift in Sources */ = {isa = PBXBuildFile; fileRef = 778860642A578EC3008FF5CD /* HeartRateDataPoint.swift */; };
		778860672A578FE1008FF5CD /* MovingAverageBasedContractionDetection.swift in Sources */ = {isa = PBXBuildFile; fileRef = 778860662A578FE1008FF5CD /* MovingAverageBasedContractionDetection.swift */; };
		7788606B2A584A37008FF5CD /* STORCTabularClassifier Boosted Tree.mlmodel in Sources */ = {isa = PBXBuildFile; fileRef = 7788606A2A584A37008FF5CD /* STORCTabularClassifier Boosted Tree.mlmodel */; };
		7788606D2A584AA2008FF5CD /* ContractionMonitoringDriver.swift in Sources */ = {isa = PBXBuildFile; fileRef = 7788606C2A584AA2008FF5CD /* ContractionMonitoringDriver.swift */; };
		77D711BD2A5F1AC500AC2359 /* Main.storyboard in Resources */ = {isa = PBXBuildFile; fileRef = 77D711BC2A5F1AC500AC2359 /* Main.storyboard */; };
		DD96B9B62A3387A90093BE16 /* AppDelegate.swift in Sources */ = {isa = PBXBuildFile; fileRef = DD96B9B52A3387A90093BE16 /* AppDelegate.swift */; };
		DD96B9B82A3387A90093BE16 /* SceneDelegate.swift in Sources */ = {isa = PBXBuildFile; fileRef = DD96B9B72A3387A90093BE16 /* SceneDelegate.swift */; };
		DD96B9C02A3387A90093BE16 /* STORC_Mobile_App.xcdatamodeld in Sources */ = {isa = PBXBuildFile; fileRef = DD96B9BE2A3387A90093BE16 /* STORC_Mobile_App.xcdatamodeld */; };
		DD96B9C22A3387B10093BE16 /* Assets.xcassets in Resources */ = {isa = PBXBuildFile; fileRef = DD96B9C12A3387B10093BE16 /* Assets.xcassets */; };
		DD96B9C52A3387B10093BE16 /* LaunchScreen.storyboard in Resources */ = {isa = PBXBuildFile; fileRef = DD96B9C32A3387B10093BE16 /* LaunchScreen.storyboard */; };
/* End PBXBuildFile section */

/* Begin PBXFileReference section */
		7718FBE42A40E30100AB5C28 /* HomePage.storyboard */ = {isa = PBXFileReference; lastKnownFileType = file.storyboard; path = HomePage.storyboard; sourceTree = "<group>"; };
		7718FBE62A40E4A200AB5C28 /* HomePageViewController.swift */ = {isa = PBXFileReference; lastKnownFileType = sourcecode.swift; path = HomePageViewController.swift; sourceTree = "<group>"; };
		774B30A02A42712800C03BF7 /* TabBarController.storyboard */ = {isa = PBXFileReference; lastKnownFileType = file.storyboard; path = TabBarController.storyboard; sourceTree = "<group>"; };
		774B30A22A4271DC00C03BF7 /* Settings.storyboard */ = {isa = PBXFileReference; lastKnownFileType = file.storyboard; path = Settings.storyboard; sourceTree = "<group>"; };
		774B30A72A42736300C03BF7 /* SplashScreenViewController.swift */ = {isa = PBXFileReference; lastKnownFileType = sourcecode.swift; path = SplashScreenViewController.swift; sourceTree = "<group>"; };
		774B30A92A42737A00C03BF7 /* SplashScreen.storyboard */ = {isa = PBXFileReference; lastKnownFileType = file.storyboard; path = SplashScreen.storyboard; sourceTree = "<group>"; };
		778860642A578EC3008FF5CD /* HeartRateDataPoint.swift */ = {isa = PBXFileReference; lastKnownFileType = sourcecode.swift; path = HeartRateDataPoint.swift; sourceTree = "<group>"; };
		778860662A578FE1008FF5CD /* MovingAverageBasedContractionDetection.swift */ = {isa = PBXFileReference; lastKnownFileType = sourcecode.swift; path = MovingAverageBasedContractionDetection.swift; sourceTree = "<group>"; };
		7788606A2A584A37008FF5CD /* STORCTabularClassifier Boosted Tree.mlmodel */ = {isa = PBXFileReference; lastKnownFileType = file.mlmodel; path = "STORCTabularClassifier Boosted Tree.mlmodel"; sourceTree = "<group>"; };
		7788606C2A584AA2008FF5CD /* ContractionMonitoringDriver.swift */ = {isa = PBXFileReference; lastKnownFileType = sourcecode.swift; path = ContractionMonitoringDriver.swift; sourceTree = "<group>"; };
		77D711BC2A5F1AC500AC2359 /* Main.storyboard */ = {isa = PBXFileReference; lastKnownFileType = file.storyboard; path = Main.storyboard; sourceTree = "<group>"; };
		DD96B9B22A3387A90093BE16 /* STORC-Mobile-App.app */ = {isa = PBXFileReference; explicitFileType = wrapper.application; includeInIndex = 0; path = "STORC-Mobile-App.app"; sourceTree = BUILT_PRODUCTS_DIR; };
		DD96B9B52A3387A90093BE16 /* AppDelegate.swift */ = {isa = PBXFileReference; lastKnownFileType = sourcecode.swift; path = AppDelegate.swift; sourceTree = "<group>"; };
		DD96B9B72A3387A90093BE16 /* SceneDelegate.swift */ = {isa = PBXFileReference; lastKnownFileType = sourcecode.swift; path = SceneDelegate.swift; sourceTree = "<group>"; };
		DD96B9BF2A3387A90093BE16 /* STORC_Mobile_App.xcdatamodel */ = {isa = PBXFileReference; lastKnownFileType = wrapper.xcdatamodel; path = STORC_Mobile_App.xcdatamodel; sourceTree = "<group>"; };
		DD96B9C12A3387B10093BE16 /* Assets.xcassets */ = {isa = PBXFileReference; lastKnownFileType = folder.assetcatalog; path = Assets.xcassets; sourceTree = "<group>"; };
		DD96B9C42A3387B10093BE16 /* Base */ = {isa = PBXFileReference; lastKnownFileType = file.storyboard; name = Base; path = Base.lproj/LaunchScreen.storyboard; sourceTree = "<group>"; };
		DD96B9C62A3387B10093BE16 /* Info.plist */ = {isa = PBXFileReference; lastKnownFileType = text.plist.xml; path = Info.plist; sourceTree = "<group>"; };
/* End PBXFileReference section */

/* Begin PBXFrameworksBuildPhase section */
		DD96B9AF2A3387A90093BE16 /* Frameworks */ = {
			isa = PBXFrameworksBuildPhase;
			buildActionMask = 2147483647;
			files = (
				774B30A62A42734D00C03BF7 /* RevealingSplashView in Frameworks */,
				774B309F2A40F8AC00C03BF7 /* Charts in Frameworks */,
			);
			runOnlyForDeploymentPostprocessing = 0;
		};
/* End PBXFrameworksBuildPhase section */

/* Begin PBXGroup section */
		774B30AB2A4354FA00C03BF7 /* HomePage */ = {
			isa = PBXGroup;
			children = (
				7718FBE42A40E30100AB5C28 /* HomePage.storyboard */,
				7718FBE62A40E4A200AB5C28 /* HomePageViewController.swift */,
			);
			path = HomePage;
			sourceTree = "<group>";
		};
		774B30AC2A43550600C03BF7 /* TabBarController */ = {
			isa = PBXGroup;
			children = (
				774B30A02A42712800C03BF7 /* TabBarController.storyboard */,
			);
			path = TabBarController;
			sourceTree = "<group>";
		};
		774B30AD2A43552200C03BF7 /* SettingsPage */ = {
			isa = PBXGroup;
			children = (
				774B30A22A4271DC00C03BF7 /* Settings.storyboard */,
			);
			path = SettingsPage;
			sourceTree = "<group>";
		};
		774B30AE2A43553300C03BF7 /* SplashScreen */ = {
			isa = PBXGroup;
			children = (
				774B30A92A42737A00C03BF7 /* SplashScreen.storyboard */,
				774B30A72A42736300C03BF7 /* SplashScreenViewController.swift */,
			);
			path = SplashScreen;
			sourceTree = "<group>";
		};
		DD96B9A92A3387A90093BE16 = {
			isa = PBXGroup;
			children = (
				DD96B9B42A3387A90093BE16 /* STORC-Mobile-App */,
				DD96B9B32A3387A90093BE16 /* Products */,
			);
			sourceTree = "<group>";
		};
		DD96B9B32A3387A90093BE16 /* Products */ = {
			isa = PBXGroup;
			children = (
				DD96B9B22A3387A90093BE16 /* STORC-Mobile-App.app */,
			);
			name = Products;
			sourceTree = "<group>";
		};
		DD96B9B42A3387A90093BE16 /* STORC-Mobile-App */ = {
			isa = PBXGroup;
			children = (
				DD96B9B52A3387A90093BE16 /* AppDelegate.swift */,
				DD96B9B72A3387A90093BE16 /* SceneDelegate.swift */,
				774B30AE2A43553300C03BF7 /* SplashScreen */,
				774B30AC2A43550600C03BF7 /* TabBarController */,
				774B30AB2A4354FA00C03BF7 /* HomePage */,
				774B30AD2A43552200C03BF7 /* SettingsPage */,
				DD96B9C32A3387B10093BE16 /* LaunchScreen.storyboard */,
				DD96B9C12A3387B10093BE16 /* Assets.xcassets */,
				DD96B9C62A3387B10093BE16 /* Info.plist */,
				DD96B9BE2A3387A90093BE16 /* STORC_Mobile_App.xcdatamodeld */,
				7788606C2A584AA2008FF5CD /* ContractionMonitoringDriver.swift */,
				778860642A578EC3008FF5CD /* HeartRateDataPoint.swift */,
				778860662A578FE1008FF5CD /* MovingAverageBasedContractionDetection.swift */,
				7788606A2A584A37008FF5CD /* STORCTabularClassifier Boosted Tree.mlmodel */,
				77D711BC2A5F1AC500AC2359 /* Main.storyboard */,
			);
			path = "STORC-Mobile-App";
			sourceTree = "<group>";
		};
/* End PBXGroup section */

/* Begin PBXNativeTarget section */
		DD96B9B12A3387A90093BE16 /* STORC-Mobile-App */ = {
			isa = PBXNativeTarget;
			buildConfigurationList = DD96B9C92A3387B10093BE16 /* Build configuration list for PBXNativeTarget "STORC-Mobile-App" */;
			buildPhases = (
				DD96B9AE2A3387A90093BE16 /* Sources */,
				DD96B9AF2A3387A90093BE16 /* Frameworks */,
				DD96B9B02A3387A90093BE16 /* Resources */,
			);
			buildRules = (
			);
			dependencies = (
			);
			name = "STORC-Mobile-App";
			packageProductDependencies = (
				774B309E2A40F8AC00C03BF7 /* Charts */,
				774B30A52A42734D00C03BF7 /* RevealingSplashView */,
			);
			productName = "STORC-Mobile-App";
			productReference = DD96B9B22A3387A90093BE16 /* STORC-Mobile-App.app */;
			productType = "com.apple.product-type.application";
		};
/* End PBXNativeTarget section */

/* Begin PBXProject section */
		DD96B9AA2A3387A90093BE16 /* Project object */ = {
			isa = PBXProject;
			attributes = {
				BuildIndependentTargetsInParallel = 1;
				LastSwiftUpdateCheck = 1340;
				LastUpgradeCheck = 1340;
				TargetAttributes = {
					DD96B9B12A3387A90093BE16 = {
						CreatedOnToolsVersion = 13.4.1;
					};
				};
			};
			buildConfigurationList = DD96B9AD2A3387A90093BE16 /* Build configuration list for PBXProject "STORC-Mobile-App" */;
			compatibilityVersion = "Xcode 13.0";
			developmentRegion = en;
			hasScannedForEncodings = 0;
			knownRegions = (
				en,
				Base,
			);
			mainGroup = DD96B9A92A3387A90093BE16;
			packageReferences = (
				774B309D2A40F8AC00C03BF7 /* XCRemoteSwiftPackageReference "Charts" */,
				774B30A42A42734D00C03BF7 /* XCRemoteSwiftPackageReference "RevealingSplashView" */,
			);
			productRefGroup = DD96B9B32A3387A90093BE16 /* Products */;
			projectDirPath = "";
			projectRoot = "";
			targets = (
				DD96B9B12A3387A90093BE16 /* STORC-Mobile-App */,
			);
		};
/* End PBXProject section */

/* Begin PBXResourcesBuildPhase section */
		DD96B9B02A3387A90093BE16 /* Resources */ = {
			isa = PBXResourcesBuildPhase;
			buildActionMask = 2147483647;
			files = (
				77D711BD2A5F1AC500AC2359 /* Main.storyboard in Resources */,
				7718FBE52A40E30100AB5C28 /* HomePage.storyboard in Resources */,
				DD96B9C52A3387B10093BE16 /* LaunchScreen.storyboard in Resources */,
				774B30A12A42712800C03BF7 /* TabBarController.storyboard in Resources */,
				774B30A32A4271DC00C03BF7 /* Settings.storyboard in Resources */,
				DD96B9C22A3387B10093BE16 /* Assets.xcassets in Resources */,
				774B30AA2A42737A00C03BF7 /* SplashScreen.storyboard in Resources */,
			);
			runOnlyForDeploymentPostprocessing = 0;
		};
/* End PBXResourcesBuildPhase section */

/* Begin PBXSourcesBuildPhase section */
		DD96B9AE2A3387A90093BE16 /* Sources */ = {
			isa = PBXSourcesBuildPhase;
			buildActionMask = 2147483647;
			files = (
				DD96B9B62A3387A90093BE16 /* AppDelegate.swift in Sources */,
				778860672A578FE1008FF5CD /* MovingAverageBasedContractionDetection.swift in Sources */,
				778860652A578EC3008FF5CD /* HeartRateDataPoint.swift in Sources */,
				774B30A82A42736300C03BF7 /* SplashScreenViewController.swift in Sources */,
				DD96B9B82A3387A90093BE16 /* SceneDelegate.swift in Sources */,
				7718FBE72A40E4A200AB5C28 /* HomePageViewController.swift in Sources */,
				7788606B2A584A37008FF5CD /* STORCTabularClassifier Boosted Tree.mlmodel in Sources */,
				7788606D2A584AA2008FF5CD /* ContractionMonitoringDriver.swift in Sources */,
				DD96B9C02A3387A90093BE16 /* STORC_Mobile_App.xcdatamodeld in Sources */,
			);
			runOnlyForDeploymentPostprocessing = 0;
		};
/* End PBXSourcesBuildPhase section */

/* Begin PBXVariantGroup section */
		DD96B9C32A3387B10093BE16 /* LaunchScreen.storyboard */ = {
			isa = PBXVariantGroup;
			children = (
				DD96B9C42A3387B10093BE16 /* Base */,
			);
			name = LaunchScreen.storyboard;
			sourceTree = "<group>";
		};
/* End PBXVariantGroup section */

/* Begin XCBuildConfiguration section */
		DD96B9C72A3387B10093BE16 /* Debug */ = {
			isa = XCBuildConfiguration;
			buildSettings = {
				ALWAYS_SEARCH_USER_PATHS = NO;
				CLANG_ANALYZER_NONNULL = YES;
				CLANG_ANALYZER_NUMBER_OBJECT_CONVERSION = YES_AGGRESSIVE;
				CLANG_CXX_LANGUAGE_STANDARD = "gnu++17";
				CLANG_ENABLE_MODULES = YES;
				CLANG_ENABLE_OBJC_ARC = YES;
				CLANG_ENABLE_OBJC_WEAK = YES;
				CLANG_WARN_BLOCK_CAPTURE_AUTORELEASING = YES;
				CLANG_WARN_BOOL_CONVERSION = YES;
				CLANG_WARN_COMMA = YES;
				CLANG_WARN_CONSTANT_CONVERSION = YES;
				CLANG_WARN_DEPRECATED_OBJC_IMPLEMENTATIONS = YES;
				CLANG_WARN_DIRECT_OBJC_ISA_USAGE = YES_ERROR;
				CLANG_WARN_DOCUMENTATION_COMMENTS = YES;
				CLANG_WARN_EMPTY_BODY = YES;
				CLANG_WARN_ENUM_CONVERSION = YES;
				CLANG_WARN_INFINITE_RECURSION = YES;
				CLANG_WARN_INT_CONVERSION = YES;
				CLANG_WARN_NON_LITERAL_NULL_CONVERSION = YES;
				CLANG_WARN_OBJC_IMPLICIT_RETAIN_SELF = YES;
				CLANG_WARN_OBJC_LITERAL_CONVERSION = YES;
				CLANG_WARN_OBJC_ROOT_CLASS = YES_ERROR;
				CLANG_WARN_QUOTED_INCLUDE_IN_FRAMEWORK_HEADER = YES;
				CLANG_WARN_RANGE_LOOP_ANALYSIS = YES;
				CLANG_WARN_STRICT_PROTOTYPES = YES;
				CLANG_WARN_SUSPICIOUS_MOVE = YES;
				CLANG_WARN_UNGUARDED_AVAILABILITY = YES_AGGRESSIVE;
				CLANG_WARN_UNREACHABLE_CODE = YES;
				CLANG_WARN__DUPLICATE_METHOD_MATCH = YES;
				COPY_PHASE_STRIP = NO;
				DEBUG_INFORMATION_FORMAT = dwarf;
				ENABLE_STRICT_OBJC_MSGSEND = YES;
				ENABLE_TESTABILITY = YES;
				GCC_C_LANGUAGE_STANDARD = gnu11;
				GCC_DYNAMIC_NO_PIC = NO;
				GCC_NO_COMMON_BLOCKS = YES;
				GCC_OPTIMIZATION_LEVEL = 0;
				GCC_PREPROCESSOR_DEFINITIONS = (
					"DEBUG=1",
					"$(inherited)",
				);
				GCC_WARN_64_TO_32_BIT_CONVERSION = YES;
				GCC_WARN_ABOUT_RETURN_TYPE = YES_ERROR;
				GCC_WARN_UNDECLARED_SELECTOR = YES;
				GCC_WARN_UNINITIALIZED_AUTOS = YES_AGGRESSIVE;
				GCC_WARN_UNUSED_FUNCTION = YES;
				GCC_WARN_UNUSED_VARIABLE = YES;
				IPHONEOS_DEPLOYMENT_TARGET = 15.0;
				MTL_ENABLE_DEBUG_INFO = INCLUDE_SOURCE;
				MTL_FAST_MATH = YES;
				ONLY_ACTIVE_ARCH = YES;
				SDKROOT = iphoneos;
				SWIFT_ACTIVE_COMPILATION_CONDITIONS = DEBUG;
				SWIFT_OPTIMIZATION_LEVEL = "-Onone";
			};
			name = Debug;
		};
		DD96B9C82A3387B10093BE16 /* Release */ = {
			isa = XCBuildConfiguration;
			buildSettings = {
				ALWAYS_SEARCH_USER_PATHS = NO;
				CLANG_ANALYZER_NONNULL = YES;
				CLANG_ANALYZER_NUMBER_OBJECT_CONVERSION = YES_AGGRESSIVE;
				CLANG_CXX_LANGUAGE_STANDARD = "gnu++17";
				CLANG_ENABLE_MODULES = YES;
				CLANG_ENABLE_OBJC_ARC = YES;
				CLANG_ENABLE_OBJC_WEAK = YES;
				CLANG_WARN_BLOCK_CAPTURE_AUTORELEASING = YES;
				CLANG_WARN_BOOL_CONVERSION = YES;
				CLANG_WARN_COMMA = YES;
				CLANG_WARN_CONSTANT_CONVERSION = YES;
				CLANG_WARN_DEPRECATED_OBJC_IMPLEMENTATIONS = YES;
				CLANG_WARN_DIRECT_OBJC_ISA_USAGE = YES_ERROR;
				CLANG_WARN_DOCUMENTATION_COMMENTS = YES;
				CLANG_WARN_EMPTY_BODY = YES;
				CLANG_WARN_ENUM_CONVERSION = YES;
				CLANG_WARN_INFINITE_RECURSION = YES;
				CLANG_WARN_INT_CONVERSION = YES;
				CLANG_WARN_NON_LITERAL_NULL_CONVERSION = YES;
				CLANG_WARN_OBJC_IMPLICIT_RETAIN_SELF = YES;
				CLANG_WARN_OBJC_LITERAL_CONVERSION = YES;
				CLANG_WARN_OBJC_ROOT_CLASS = YES_ERROR;
				CLANG_WARN_QUOTED_INCLUDE_IN_FRAMEWORK_HEADER = YES;
				CLANG_WARN_RANGE_LOOP_ANALYSIS = YES;
				CLANG_WARN_STRICT_PROTOTYPES = YES;
				CLANG_WARN_SUSPICIOUS_MOVE = YES;
				CLANG_WARN_UNGUARDED_AVAILABILITY = YES_AGGRESSIVE;
				CLANG_WARN_UNREACHABLE_CODE = YES;
				CLANG_WARN__DUPLICATE_METHOD_MATCH = YES;
				COPY_PHASE_STRIP = NO;
				DEBUG_INFORMATION_FORMAT = "dwarf-with-dsym";
				ENABLE_NS_ASSERTIONS = NO;
				ENABLE_STRICT_OBJC_MSGSEND = YES;
				GCC_C_LANGUAGE_STANDARD = gnu11;
				GCC_NO_COMMON_BLOCKS = YES;
				GCC_WARN_64_TO_32_BIT_CONVERSION = YES;
				GCC_WARN_ABOUT_RETURN_TYPE = YES_ERROR;
				GCC_WARN_UNDECLARED_SELECTOR = YES;
				GCC_WARN_UNINITIALIZED_AUTOS = YES_AGGRESSIVE;
				GCC_WARN_UNUSED_FUNCTION = YES;
				GCC_WARN_UNUSED_VARIABLE = YES;
				IPHONEOS_DEPLOYMENT_TARGET = 15.0;
				MTL_ENABLE_DEBUG_INFO = NO;
				MTL_FAST_MATH = YES;
				SDKROOT = iphoneos;
				SWIFT_COMPILATION_MODE = wholemodule;
				SWIFT_OPTIMIZATION_LEVEL = "-O";
				VALIDATE_PRODUCT = YES;
			};
			name = Release;
		};
		DD96B9CA2A3387B10093BE16 /* Debug */ = {
			isa = XCBuildConfiguration;
			buildSettings = {
				ASSETCATALOG_COMPILER_APPICON_NAME = AppIcon;
				ASSETCATALOG_COMPILER_GLOBAL_ACCENT_COLOR_NAME = AccentColor;
				CODE_SIGN_STYLE = Automatic;
				CURRENT_PROJECT_VERSION = 1;
				DEVELOPMENT_TEAM = XGR4P4EPTG;
				GENERATE_INFOPLIST_FILE = YES;
				INFOPLIST_FILE = "STORC-Mobile-App/Info.plist";
				INFOPLIST_KEY_UIApplicationSupportsIndirectInputEvents = YES;
				INFOPLIST_KEY_UILaunchStoryboardName = LaunchScreen;
				INFOPLIST_KEY_UIMainStoryboardFile = Main;
				INFOPLIST_KEY_UISupportedInterfaceOrientations_iPad = "UIInterfaceOrientationPortrait UIInterfaceOrientationPortraitUpsideDown UIInterfaceOrientationLandscapeLeft UIInterfaceOrientationLandscapeRight";
				INFOPLIST_KEY_UISupportedInterfaceOrientations_iPhone = "UIInterfaceOrientationPortrait UIInterfaceOrientationLandscapeLeft UIInterfaceOrientationLandscapeRight";
				LD_RUNPATH_SEARCH_PATHS = (
					"$(inherited)",
					"@executable_path/Frameworks",
				);
				MARKETING_VERSION = 1.0;
				PRODUCT_BUNDLE_IDENTIFIER = "ex.STORC-Mobile-App";
				PRODUCT_NAME = "$(TARGET_NAME)";
				SWIFT_EMIT_LOC_STRINGS = YES;
				SWIFT_VERSION = 5.0;
				TARGETED_DEVICE_FAMILY = "1,2";
			};
			name = Debug;
		};
		DD96B9CB2A3387B10093BE16 /* Release */ = {
			isa = XCBuildConfiguration;
			buildSettings = {
				ASSETCATALOG_COMPILER_APPICON_NAME = AppIcon;
				ASSETCATALOG_COMPILER_GLOBAL_ACCENT_COLOR_NAME = AccentColor;
				CODE_SIGN_STYLE = Automatic;
				CURRENT_PROJECT_VERSION = 1;
				DEVELOPMENT_TEAM = XGR4P4EPTG;
				GENERATE_INFOPLIST_FILE = YES;
				INFOPLIST_FILE = "STORC-Mobile-App/Info.plist";
				INFOPLIST_KEY_UIApplicationSupportsIndirectInputEvents = YES;
				INFOPLIST_KEY_UILaunchStoryboardName = LaunchScreen;
				INFOPLIST_KEY_UIMainStoryboardFile = Main;
				INFOPLIST_KEY_UISupportedInterfaceOrientations_iPad = "UIInterfaceOrientationPortrait UIInterfaceOrientationPortraitUpsideDown UIInterfaceOrientationLandscapeLeft UIInterfaceOrientationLandscapeRight";
				INFOPLIST_KEY_UISupportedInterfaceOrientations_iPhone = "UIInterfaceOrientationPortrait UIInterfaceOrientationLandscapeLeft UIInterfaceOrientationLandscapeRight";
				LD_RUNPATH_SEARCH_PATHS = (
					"$(inherited)",
					"@executable_path/Frameworks",
				);
				MARKETING_VERSION = 1.0;
				PRODUCT_BUNDLE_IDENTIFIER = "ex.STORC-Mobile-App";
				PRODUCT_NAME = "$(TARGET_NAME)";
				SWIFT_EMIT_LOC_STRINGS = YES;
				SWIFT_VERSION = 5.0;
				TARGETED_DEVICE_FAMILY = "1,2";
			};
			name = Release;
		};
/* End XCBuildConfiguration section */

/* Begin XCConfigurationList section */
		DD96B9AD2A3387A90093BE16 /* Build configuration list for PBXProject "STORC-Mobile-App" */ = {
			isa = XCConfigurationList;
			buildConfigurations = (
				DD96B9C72A3387B10093BE16 /* Debug */,
				DD96B9C82A3387B10093BE16 /* Release */,
			);
			defaultConfigurationIsVisible = 0;
			defaultConfigurationName = Release;
		};
		DD96B9C92A3387B10093BE16 /* Build configuration list for PBXNativeTarget "STORC-Mobile-App" */ = {
			isa = XCConfigurationList;
			buildConfigurations = (
				DD96B9CA2A3387B10093BE16 /* Debug */,
				DD96B9CB2A3387B10093BE16 /* Release */,
			);
			defaultConfigurationIsVisible = 0;
			defaultConfigurationName = Release;
		};
/* End XCConfigurationList section */

/* Begin XCRemoteSwiftPackageReference section */
		774B309D2A40F8AC00C03BF7 /* XCRemoteSwiftPackageReference "Charts" */ = {
			isa = XCRemoteSwiftPackageReference;
			repositoryURL = "https://github.com/danielgindi/Charts.git";
			requirement = {
				kind = exactVersion;
				version = 4.1.0;
			};
		};
		774B30A42A42734D00C03BF7 /* XCRemoteSwiftPackageReference "RevealingSplashView" */ = {
			isa = XCRemoteSwiftPackageReference;
			repositoryURL = "https://github.com/PiXeL16/RevealingSplashView.git";
			requirement = {
				branch = master;
				kind = branch;
			};
		};
/* End XCRemoteSwiftPackageReference section */

/* Begin XCSwiftPackageProductDependency section */
		774B309E2A40F8AC00C03BF7 /* Charts */ = {
			isa = XCSwiftPackageProductDependency;
			package = 774B309D2A40F8AC00C03BF7 /* XCRemoteSwiftPackageReference "Charts" */;
			productName = Charts;
		};
		774B30A52A42734D00C03BF7 /* RevealingSplashView */ = {
			isa = XCSwiftPackageProductDependency;
			package = 774B30A42A42734D00C03BF7 /* XCRemoteSwiftPackageReference "RevealingSplashView" */;
			productName = RevealingSplashView;
		};
/* End XCSwiftPackageProductDependency section */

/* Begin XCVersionGroup section */
		DD96B9BE2A3387A90093BE16 /* STORC_Mobile_App.xcdatamodeld */ = {
			isa = XCVersionGroup;
			children = (
				DD96B9BF2A3387A90093BE16 /* STORC_Mobile_App.xcdatamodel */,
			);
			currentVersion = DD96B9BF2A3387A90093BE16 /* STORC_Mobile_App.xcdatamodel */;
			path = STORC_Mobile_App.xcdatamodeld;
			sourceTree = "<group>";
			versionGroupType = wrapper.xcdatamodel;
		};
/* End XCVersionGroup section */
	};
	rootObject = DD96B9AA2A3387A90093BE16 /* Project object */;
}
